{
  "originHash" : "3c9ae335b2d7951dd317f68f5231e07aae56f7d323fe2a46cd377a02732d8c5d",
  "pins" : [
    {
      "identity" : "enums-macros",
      "kind" : "remoteSourceControl",
      "location" : "https://github.com/alexryakhin/enums-macros.git",
      "state" : {
        "branch" : "main",
        "revision" : "de0b5a903d0e34b100531e0240b0a08f88ed9cef"
      }
    },
    {
      "identity" : "event-sender-macro",
      "kind" : "remoteSourceControl",
      "location" : "https://github.com/alexryakhin/event-sender-macro.git",
      "state" : {
        "branch" : "main",
        "revision" : "18f13d466fdcc32d58212f7f0a0672b69cf58b42"
      }
    },
    {
      "identity" : "swift-syntax",
      "kind" : "remoteSourceControl",
      "location" : "https://github.com/apple/swift-syntax.git",
      "state" : {
        "revision" : "64889f0c732f210a935a0ad7cda38f77f876262d",
        "version" : "509.1.1"
      }
    }
  ],
  "version" : 3
}
