// !$*UTF8*$!
{
	archiveVersion = 1;
	classes = {
	};
	objectVersion = 77;
	objects = {

/* Begin PBXBuildFile section */
		536562A42CA7EF2500CDE705 /* Swinject in Frameworks */ = {isa = PBXBuildFile; productRef = 536562A32CA7EF2500CDE705 /* Swinject */; };
		536562C02CA90D9B00CDE705 /* RichText in Frameworks */ = {isa = PBXBuildFile; productRef = 536562BF2CA90D9B00CDE705 /* RichText */; };
		536563192CA99D3200CDE705 /* SwinjectAutoregistration in Frameworks */ = {isa = PBXBuildFile; productRef = 536563182CA99D3200CDE705 /* SwinjectAutoregistration */; };
		5377A8B12CB2A4B6005F0377 /* KeychainAccess in Frameworks */ = {isa = PBXBuildFile; productRef = 5377A8B02CB2A4B6005F0377 /* KeychainAccess */; };
		53BF56622CB2B2ED00A01DEC /* CachedAsyncImage in Frameworks */ = {isa = PBXBuildFile; productRef = 53BF56612CB2B2ED00A01DEC /* CachedAsyncImage */; };
		53BF56672CB3980000A01DEC /* SwiftUISnackbar in Frameworks */ = {isa = PBXBuildFile; productRef = 53BF56662CB3980000A01DEC /* SwiftUISnackbar */; };
/* End PBXBuildFile section */

/* Begin PBXContainerItemProxy section */
		5365623C2CA7BFDA00CDE705 /* PBXContainerItemProxy */ = {
			isa = PBXContainerItemProxy;
			containerPortal = 5365621E2CA7BFD900CDE705 /* Project object */;
			proxyType = 1;
			remoteGlobalIDString = 536562252CA7BFD900CDE705;
			remoteInfo = PureBite;
		};
		536562462CA7BFDA00CDE705 /* PBXContainerItemProxy */ = {
			isa = PBXContainerItemProxy;
			containerPortal = 5365621E2CA7BFD900CDE705 /* Project object */;
			proxyType = 1;
			remoteGlobalIDString = 536562252CA7BFD900CDE705;
			remoteInfo = PureBite;
		};
/* End PBXContainerItemProxy section */

/* Begin PBXFileReference section */
		536562262CA7BFD900CDE705 /* PureBite.app */ = {isa = PBXFileReference; explicitFileType = wrapper.application; includeInIndex = 0; path = PureBite.app; sourceTree = BUILT_PRODUCTS_DIR; };
		5365623B2CA7BFDA00CDE705 /* PureBiteTests.xctest */ = {isa = PBXFileReference; explicitFileType = wrapper.cfbundle; includeInIndex = 0; path = PureBiteTests.xctest; sourceTree = BUILT_PRODUCTS_DIR; };
		536562452CA7BFDA00CDE705 /* PureBiteUITests.xctest */ = {isa = PBXFileReference; explicitFileType = wrapper.cfbundle; includeInIndex = 0; path = PureBiteUITests.xctest; sourceTree = BUILT_PRODUCTS_DIR; };
/* End PBXFileReference section */

/* Begin PBXFileSystemSynchronizedBuildFileExceptionSet section */
		536562BB2CA907CE00CDE705 /* Exceptions for "PureBite" folder in "PureBite" target */ = {
			isa = PBXFileSystemSynchronizedBuildFileExceptionSet;
			membershipExceptions = (
				Info.plist,
			);
			target = 536562252CA7BFD900CDE705 /* PureBite */;
		};
/* End PBXFileSystemSynchronizedBuildFileExceptionSet section */

/* Begin PBXFileSystemSynchronizedRootGroup section */
		536562282CA7BFD900CDE705 /* PureBite */ = {
			isa = PBXFileSystemSynchronizedRootGroup;
			exceptions = (
				536562BB2CA907CE00CDE705 /* Exceptions for "PureBite" folder in "PureBite" target */,
			);
			path = PureBite;
			sourceTree = "<group>";
		};
		5365623E2CA7BFDA00CDE705 /* PureBiteTests */ = {
			isa = PBXFileSystemSynchronizedRootGroup;
			path = PureBiteTests;
			sourceTree = "<group>";
		};
		536562482CA7BFDA00CDE705 /* PureBiteUITests */ = {
			isa = PBXFileSystemSynchronizedRootGroup;
			path = PureBiteUITests;
			sourceTree = "<group>";
		};
/* End PBXFileSystemSynchronizedRootGroup section */

/* Begin PBXFrameworksBuildPhase section */
		536562232CA7BFD900CDE705 /* Frameworks */ = {
			isa = PBXFrameworksBuildPhase;
			buildActionMask = 2147483647;
			files = (
				5377A8B12CB2A4B6005F0377 /* KeychainAccess in Frameworks */,
				53BF56672CB3980000A01DEC /* SwiftUISnackbar in Frameworks */,
				53BF56622CB2B2ED00A01DEC /* CachedAsyncImage in Frameworks */,
				536562A42CA7EF2500CDE705 /* Swinject in Frameworks */,
				536562C02CA90D9B00CDE705 /* RichText in Frameworks */,
				536563192CA99D3200CDE705 /* SwinjectAutoregistration in Frameworks */,
			);
			runOnlyForDeploymentPostprocessing = 0;
		};
		536562382CA7BFDA00CDE705 /* Frameworks */ = {
			isa = PBXFrameworksBuildPhase;
			buildActionMask = 2147483647;
			files = (
			);
			runOnlyForDeploymentPostprocessing = 0;
		};
		536562422CA7BFDA00CDE705 /* Frameworks */ = {
			isa = PBXFrameworksBuildPhase;
			buildActionMask = 2147483647;
			files = (
			);
			runOnlyForDeploymentPostprocessing = 0;
		};
/* End PBXFrameworksBuildPhase section */

/* Begin PBXGroup section */
		5365621D2CA7BFD900CDE705 = {
			isa = PBXGroup;
			children = (
				536562282CA7BFD900CDE705 /* PureBite */,
				5365623E2CA7BFDA00CDE705 /* PureBiteTests */,
				536562482CA7BFDA00CDE705 /* PureBiteUITests */,
				5365628A2CA7EC4C00CDE705 /* Frameworks */,
				536562272CA7BFD900CDE705 /* Products */,
			);
			sourceTree = "<group>";
		};
		536562272CA7BFD900CDE705 /* Products */ = {
			isa = PBXGroup;
			children = (
				536562262CA7BFD900CDE705 /* PureBite.app */,
				5365623B2CA7BFDA00CDE705 /* PureBiteTests.xctest */,
				536562452CA7BFDA00CDE705 /* PureBiteUITests.xctest */,
			);
			name = Products;
			sourceTree = "<group>";
		};
		5365628A2CA7EC4C00CDE705 /* Frameworks */ = {
			isa = PBXGroup;
			children = (
			);
			name = Frameworks;
			sourceTree = "<group>";
		};
/* End PBXGroup section */

/* Begin PBXNativeTarget section */
		536562252CA7BFD900CDE705 /* PureBite */ = {
			isa = PBXNativeTarget;
			buildConfigurationList = 5365624F2CA7BFDA00CDE705 /* Build configuration list for PBXNativeTarget "PureBite" */;
			buildPhases = (
				536562222CA7BFD900CDE705 /* Sources */,
				536562232CA7BFD900CDE705 /* Frameworks */,
				536562242CA7BFD900CDE705 /* Resources */,
			);
			buildRules = (
			);
			dependencies = (
			);
			fileSystemSynchronizedGroups = (
				536562282CA7BFD900CDE705 /* PureBite */,
			);
			name = PureBite;
			packageProductDependencies = (
				536562A32CA7EF2500CDE705 /* Swinject */,
				536562BF2CA90D9B00CDE705 /* RichText */,
				536563182CA99D3200CDE705 /* SwinjectAutoregistration */,
				5377A8B02CB2A4B6005F0377 /* KeychainAccess */,
				53BF56612CB2B2ED00A01DEC /* CachedAsyncImage */,
				53BF56662CB3980000A01DEC /* SwiftUISnackbar */,
			);
			productName = PureBite;
			productReference = 536562262CA7BFD900CDE705 /* PureBite.app */;
			productType = "com.apple.product-type.application";
		};
		5365623A2CA7BFDA00CDE705 /* PureBiteTests */ = {
			isa = PBXNativeTarget;
			buildConfigurationList = 536562522CA7BFDA00CDE705 /* Build configuration list for PBXNativeTarget "PureBiteTests" */;
			buildPhases = (
				536562372CA7BFDA00CDE705 /* Sources */,
				536562382CA7BFDA00CDE705 /* Frameworks */,
				536562392CA7BFDA00CDE705 /* Resources */,
			);
			buildRules = (
			);
			dependencies = (
				5365623D2CA7BFDA00CDE705 /* PBXTargetDependency */,
			);
			fileSystemSynchronizedGroups = (
				5365623E2CA7BFDA00CDE705 /* PureBiteTests */,
			);
			name = PureBiteTests;
			packageProductDependencies = (
			);
			productName = PureBiteTests;
			productReference = 5365623B2CA7BFDA00CDE705 /* PureBiteTests.xctest */;
			productType = "com.apple.product-type.bundle.unit-test";
		};
		536562442CA7BFDA00CDE705 /* PureBiteUITests */ = {
			isa = PBXNativeTarget;
			buildConfigurationList = 536562552CA7BFDA00CDE705 /* Build configuration list for PBXNativeTarget "PureBiteUITests" */;
			buildPhases = (
				536562412CA7BFDA00CDE705 /* Sources */,
				536562422CA7BFDA00CDE705 /* Frameworks */,
				536562432CA7BFDA00CDE705 /* Resources */,
			);
			buildRules = (
			);
			dependencies = (
				536562472CA7BFDA00CDE705 /* PBXTargetDependency */,
			);
			fileSystemSynchronizedGroups = (
				536562482CA7BFDA00CDE705 /* PureBiteUITests */,
			);
			name = PureBiteUITests;
			packageProductDependencies = (
			);
			productName = PureBiteUITests;
			productReference = 536562452CA7BFDA00CDE705 /* PureBiteUITests.xctest */;
			productType = "com.apple.product-type.bundle.ui-testing";
		};
/* End PBXNativeTarget section */

/* Begin PBXProject section */
		5365621E2CA7BFD900CDE705 /* Project object */ = {
			isa = PBXProject;
			attributes = {
				BuildIndependentTargetsInParallel = 1;
				LastSwiftUpdateCheck = 1610;
				LastUpgradeCheck = 1610;
				TargetAttributes = {
					536562252CA7BFD900CDE705 = {
						CreatedOnToolsVersion = 16.1;
					};
					5365623A2CA7BFDA00CDE705 = {
						CreatedOnToolsVersion = 16.1;
						TestTargetID = 536562252CA7BFD900CDE705;
					};
					536562442CA7BFDA00CDE705 = {
						CreatedOnToolsVersion = 16.1;
						TestTargetID = 536562252CA7BFD900CDE705;
					};
				};
			};
			buildConfigurationList = 536562212CA7BFD900CDE705 /* Build configuration list for PBXProject "PureBite" */;
			developmentRegion = en;
			hasScannedForEncodings = 0;
			knownRegions = (
				en,
				Base,
			);
			mainGroup = 5365621D2CA7BFD900CDE705;
			minimizedProjectReferenceProxies = 1;
			packageReferences = (
				536562A22CA7EF2500CDE705 /* XCRemoteSwiftPackageReference "Swinject" */,
				536562BE2CA90D9B00CDE705 /* XCRemoteSwiftPackageReference "RichText" */,
				536563172CA99D3200CDE705 /* XCRemoteSwiftPackageReference "SwinjectAutoregistration" */,
				53EC13292CACF58600DD67F0 /* XCRemoteSwiftPackageReference "KeychainAccess" */,
				53BF56602CB2B2ED00A01DEC /* XCRemoteSwiftPackageReference "swiftui-cached-async-image" */,
				53BF56652CB3980000A01DEC /* XCRemoteSwiftPackageReference "SwiftUISnackbar" */,
			);
			preferredProjectObjectVersion = 77;
			productRefGroup = 536562272CA7BFD900CDE705 /* Products */;
			projectDirPath = "";
			projectRoot = "";
			targets = (
				536562252CA7BFD900CDE705 /* PureBite */,
				5365623A2CA7BFDA00CDE705 /* PureBiteTests */,
				536562442CA7BFDA00CDE705 /* PureBiteUITests */,
			);
		};
/* End PBXProject section */

/* Begin PBXResourcesBuildPhase section */
		536562242CA7BFD900CDE705 /* Resources */ = {
			isa = PBXResourcesBuildPhase;
			buildActionMask = 2147483647;
			files = (
			);
			runOnlyForDeploymentPostprocessing = 0;
		};
		536562392CA7BFDA00CDE705 /* Resources */ = {
			isa = PBXResourcesBuildPhase;
			buildActionMask = 2147483647;
			files = (
			);
			runOnlyForDeploymentPostprocessing = 0;
		};
		536562432CA7BFDA00CDE705 /* Resources */ = {
			isa = PBXResourcesBuildPhase;
			buildActionMask = 2147483647;
			files = (
			);
			runOnlyForDeploymentPostprocessing = 0;
		};
/* End PBXResourcesBuildPhase section */

/* Begin PBXSourcesBuildPhase section */
		536562222CA7BFD900CDE705 /* Sources */ = {
			isa = PBXSourcesBuildPhase;
			buildActionMask = 2147483647;
			files = (
			);
			runOnlyForDeploymentPostprocessing = 0;
		};
		536562372CA7BFDA00CDE705 /* Sources */ = {
			isa = PBXSourcesBuildPhase;
			buildActionMask = 2147483647;
			files = (
			);
			runOnlyForDeploymentPostprocessing = 0;
		};
		536562412CA7BFDA00CDE705 /* Sources */ = {
			isa = PBXSourcesBuildPhase;
			buildActionMask = 2147483647;
			files = (
			);
			runOnlyForDeploymentPostprocessing = 0;
		};
/* End PBXSourcesBuildPhase section */

/* Begin PBXTargetDependency section */
		5365623D2CA7BFDA00CDE705 /* PBXTargetDependency */ = {
			isa = PBXTargetDependency;
			target = 536562252CA7BFD900CDE705 /* PureBite */;
			targetProxy = 5365623C2CA7BFDA00CDE705 /* PBXContainerItemProxy */;
		};
		536562472CA7BFDA00CDE705 /* PBXTargetDependency */ = {
			isa = PBXTargetDependency;
			target = 536562252CA7BFD900CDE705 /* PureBite */;
			targetProxy = 536562462CA7BFDA00CDE705 /* PBXContainerItemProxy */;
		};
/* End PBXTargetDependency section */

/* Begin XCBuildConfiguration section */
		5365624D2CA7BFDA00CDE705 /* Debug */ = {
			isa = XCBuildConfiguration;
			buildSettings = {
				ALWAYS_SEARCH_USER_PATHS = NO;
				ASSETCATALOG_COMPILER_GENERATE_SWIFT_ASSET_SYMBOL_EXTENSIONS = YES;
				CLANG_ANALYZER_NONNULL = YES;
				CLANG_ANALYZER_NUMBER_OBJECT_CONVERSION = YES_AGGRESSIVE;
				CLANG_CXX_LANGUAGE_STANDARD = "gnu++20";
				CLANG_ENABLE_MODULES = YES;
				CLANG_ENABLE_OBJC_ARC = YES;
				CLANG_ENABLE_OBJC_WEAK = YES;
				CLANG_WARN_BLOCK_CAPTURE_AUTORELEASING = YES;
				CLANG_WARN_BOOL_CONVERSION = YES;
				CLANG_WARN_COMMA = YES;
				CLANG_WARN_CONSTANT_CONVERSION = YES;
				CLANG_WARN_DEPRECATED_OBJC_IMPLEMENTATIONS = YES;
				CLANG_WARN_DIRECT_OBJC_ISA_USAGE = YES_ERROR;
				CLANG_WARN_DOCUMENTATION_COMMENTS = YES;
				CLANG_WARN_EMPTY_BODY = YES;
				CLANG_WARN_ENUM_CONVERSION = YES;
				CLANG_WARN_INFINITE_RECURSION = YES;
				CLANG_WARN_INT_CONVERSION = YES;
				CLANG_WARN_NON_LITERAL_NULL_CONVERSION = YES;
				CLANG_WARN_OBJC_IMPLICIT_RETAIN_SELF = YES;
				CLANG_WARN_OBJC_LITERAL_CONVERSION = YES;
				CLANG_WARN_OBJC_ROOT_CLASS = YES_ERROR;
				CLANG_WARN_QUOTED_INCLUDE_IN_FRAMEWORK_HEADER = YES;
				CLANG_WARN_RANGE_LOOP_ANALYSIS = YES;
				CLANG_WARN_STRICT_PROTOTYPES = YES;
				CLANG_WARN_SUSPICIOUS_MOVE = YES;
				CLANG_WARN_UNGUARDED_AVAILABILITY = YES_AGGRESSIVE;
				CLANG_WARN_UNREACHABLE_CODE = YES;
				CLANG_WARN__DUPLICATE_METHOD_MATCH = YES;
				COPY_PHASE_STRIP = NO;
				DEBUG_INFORMATION_FORMAT = dwarf;
				ENABLE_STRICT_OBJC_MSGSEND = YES;
				ENABLE_TESTABILITY = YES;
				ENABLE_USER_SCRIPT_SANDBOXING = YES;
				GCC_C_LANGUAGE_STANDARD = gnu17;
				GCC_DYNAMIC_NO_PIC = NO;
				GCC_NO_COMMON_BLOCKS = YES;
				GCC_OPTIMIZATION_LEVEL = 0;
				GCC_PREPROCESSOR_DEFINITIONS = (
					"DEBUG=1",
					"$(inherited)",
				);
				GCC_WARN_64_TO_32_BIT_CONVERSION = YES;
				GCC_WARN_ABOUT_RETURN_TYPE = YES_ERROR;
				GCC_WARN_UNDECLARED_SELECTOR = YES;
				GCC_WARN_UNINITIALIZED_AUTOS = YES_AGGRESSIVE;
				GCC_WARN_UNUSED_FUNCTION = YES;
				GCC_WARN_UNUSED_VARIABLE = YES;
				IPHONEOS_DEPLOYMENT_TARGET = 15.6;
				LOCALIZATION_PREFERS_STRING_CATALOGS = YES;
				MTL_ENABLE_DEBUG_INFO = INCLUDE_SOURCE;
				MTL_FAST_MATH = YES;
				ONLY_ACTIVE_ARCH = YES;
				SDKROOT = iphoneos;
				SWIFT_ACTIVE_COMPILATION_CONDITIONS = "DEBUG $(inherited)";
				SWIFT_OPTIMIZATION_LEVEL = "-Onone";
			};
			name = Debug;
		};
		5365624E2CA7BFDA00CDE705 /* Release */ = {
			isa = XCBuildConfiguration;
			buildSettings = {
				ALWAYS_SEARCH_USER_PATHS = NO;
				ASSETCATALOG_COMPILER_GENERATE_SWIFT_ASSET_SYMBOL_EXTENSIONS = YES;
				CLANG_ANALYZER_NONNULL = YES;
				CLANG_ANALYZER_NUMBER_OBJECT_CONVERSION = YES_AGGRESSIVE;
				CLANG_CXX_LANGUAGE_STANDARD = "gnu++20";
				CLANG_ENABLE_MODULES = YES;
				CLANG_ENABLE_OBJC_ARC = YES;
				CLANG_ENABLE_OBJC_WEAK = YES;
				CLANG_WARN_BLOCK_CAPTURE_AUTORELEASING = YES;
				CLANG_WARN_BOOL_CONVERSION = YES;
				CLANG_WARN_COMMA = YES;
				CLANG_WARN_CONSTANT_CONVERSION = YES;
				CLANG_WARN_DEPRECATED_OBJC_IMPLEMENTATIONS = YES;
				CLANG_WARN_DIRECT_OBJC_ISA_USAGE = YES_ERROR;
				CLANG_WARN_DOCUMENTATION_COMMENTS = YES;
				CLANG_WARN_EMPTY_BODY = YES;
				CLANG_WARN_ENUM_CONVERSION = YES;
				CLANG_WARN_INFINITE_RECURSION = YES;
				CLANG_WARN_INT_CONVERSION = YES;
				CLANG_WARN_NON_LITERAL_NULL_CONVERSION = YES;
				CLANG_WARN_OBJC_IMPLICIT_RETAIN_SELF = YES;
				CLANG_WARN_OBJC_LITERAL_CONVERSION = YES;
				CLANG_WARN_OBJC_ROOT_CLASS = YES_ERROR;
				CLANG_WARN_QUOTED_INCLUDE_IN_FRAMEWORK_HEADER = YES;
				CLANG_WARN_RANGE_LOOP_ANALYSIS = YES;
				CLANG_WARN_STRICT_PROTOTYPES = YES;
				CLANG_WARN_SUSPICIOUS_MOVE = YES;
				CLANG_WARN_UNGUARDED_AVAILABILITY = YES_AGGRESSIVE;
				CLANG_WARN_UNREACHABLE_CODE = YES;
				CLANG_WARN__DUPLICATE_METHOD_MATCH = YES;
				COPY_PHASE_STRIP = NO;
				DEBUG_INFORMATION_FORMAT = "dwarf-with-dsym";
				ENABLE_NS_ASSERTIONS = NO;
				ENABLE_STRICT_OBJC_MSGSEND = YES;
				ENABLE_USER_SCRIPT_SANDBOXING = YES;
				GCC_C_LANGUAGE_STANDARD = gnu17;
				GCC_NO_COMMON_BLOCKS = YES;
				GCC_WARN_64_TO_32_BIT_CONVERSION = YES;
				GCC_WARN_ABOUT_RETURN_TYPE = YES_ERROR;
				GCC_WARN_UNDECLARED_SELECTOR = YES;
				GCC_WARN_UNINITIALIZED_AUTOS = YES_AGGRESSIVE;
				GCC_WARN_UNUSED_FUNCTION = YES;
				GCC_WARN_UNUSED_VARIABLE = YES;
				IPHONEOS_DEPLOYMENT_TARGET = 15.6;
				LOCALIZATION_PREFERS_STRING_CATALOGS = YES;
				MTL_ENABLE_DEBUG_INFO = NO;
				MTL_FAST_MATH = YES;
				SDKROOT = iphoneos;
				SWIFT_COMPILATION_MODE = wholemodule;
				VALIDATE_PRODUCT = YES;
			};
			name = Release;
		};
		536562502CA7BFDA00CDE705 /* Debug */ = {
			isa = XCBuildConfiguration;
			buildSettings = {
				ASSETCATALOG_COMPILER_APPICON_NAME = AppIconDebug;
				ASSETCATALOG_COMPILER_GLOBAL_ACCENT_COLOR_NAME = AccentColor;
				CODE_SIGN_ENTITLEMENTS = PureBite/Resources/PureBite.entitlements;
				CODE_SIGN_STYLE = Automatic;
				CURRENT_PROJECT_VERSION = 1;
				DEVELOPMENT_ASSET_PATHS = PureBite/Resources/Assets.xcassets;
				DEVELOPMENT_TEAM = 69S862NXBP;
				ENABLE_PREVIEWS = YES;
				GENERATE_INFOPLIST_FILE = YES;
				INFOPLIST_FILE = PureBite/Info.plist;
				INFOPLIST_KEY_CFBundleDisplayName = "Pure Bite";
				INFOPLIST_KEY_LSApplicationCategoryType = "public.app-category.food-and-drink";
				INFOPLIST_KEY_UIApplicationSupportsIndirectInputEvents = YES;
				INFOPLIST_KEY_UILaunchScreen_Generation = YES;
				INFOPLIST_KEY_UISupportedInterfaceOrientations_iPad = "UIInterfaceOrientationPortrait UIInterfaceOrientationPortraitUpsideDown UIInterfaceOrientationLandscapeLeft UIInterfaceOrientationLandscapeRight";
				INFOPLIST_KEY_UISupportedInterfaceOrientations_iPhone = "UIInterfaceOrientationPortrait UIInterfaceOrientationLandscapeLeft UIInterfaceOrientationLandscapeRight";
				IPHONEOS_DEPLOYMENT_TARGET = 15;
				LD_RUNPATH_SEARCH_PATHS = (
					"$(inherited)",
					"@executable_path/Frameworks",
				);
				MARKETING_VERSION = 1.0;
				PRODUCT_BUNDLE_IDENTIFIER = "dor.pure-bite.debug";
				PRODUCT_NAME = "$(TARGET_NAME)";
				SUPPORTED_PLATFORMS = "iphoneos iphonesimulator";
				SUPPORTS_MACCATALYST = NO;
				SUPPORTS_MAC_DESIGNED_FOR_IPHONE_IPAD = NO;
				SUPPORTS_XR_DESIGNED_FOR_IPHONE_IPAD = NO;
				SWIFT_EMIT_LOC_STRINGS = YES;
				SWIFT_VERSION = 6.0;
				TARGETED_DEVICE_FAMILY = "1,2";
			};
			name = Debug;
		};
		536562512CA7BFDA00CDE705 /* Release */ = {
			isa = XCBuildConfiguration;
			buildSettings = {
				ASSETCATALOG_COMPILER_APPICON_NAME = AppIconRelease;
				ASSETCATALOG_COMPILER_GLOBAL_ACCENT_COLOR_NAME = AccentColor;
				CODE_SIGN_ENTITLEMENTS = PureBite/Resources/PureBite.entitlements;
				CODE_SIGN_STYLE = Automatic;
				CURRENT_PROJECT_VERSION = 1;
				DEVELOPMENT_ASSET_PATHS = PureBite/Resources/Assets.xcassets;
				DEVELOPMENT_TEAM = 69S862NXBP;
				ENABLE_PREVIEWS = YES;
				GENERATE_INFOPLIST_FILE = YES;
				INFOPLIST_FILE = PureBite/Info.plist;
				INFOPLIST_KEY_CFBundleDisplayName = "Pure Bite";
				INFOPLIST_KEY_LSApplicationCategoryType = "public.app-category.food-and-drink";
				INFOPLIST_KEY_UIApplicationSupportsIndirectInputEvents = YES;
				INFOPLIST_KEY_UILaunchScreen_Generation = YES;
				INFOPLIST_KEY_UISupportedInterfaceOrientations_iPad = "UIInterfaceOrientationPortrait UIInterfaceOrientationPortraitUpsideDown UIInterfaceOrientationLandscapeLeft UIInterfaceOrientationLandscapeRight";
				INFOPLIST_KEY_UISupportedInterfaceOrientations_iPhone = "UIInterfaceOrientationPortrait UIInterfaceOrientationLandscapeLeft UIInterfaceOrientationLandscapeRight";
				IPHONEOS_DEPLOYMENT_TARGET = 15;
				LD_RUNPATH_SEARCH_PATHS = (
					"$(inherited)",
					"@executable_path/Frameworks",
				);
				MARKETING_VERSION = 1.0;
				PRODUCT_BUNDLE_IDENTIFIER = "dor.pure-bite.release";
				PRODUCT_NAME = "$(TARGET_NAME)";
				SUPPORTED_PLATFORMS = "iphoneos iphonesimulator";
				SUPPORTS_MACCATALYST = NO;
				SUPPORTS_MAC_DESIGNED_FOR_IPHONE_IPAD = NO;
				SUPPORTS_XR_DESIGNED_FOR_IPHONE_IPAD = NO;
				SWIFT_EMIT_LOC_STRINGS = YES;
				SWIFT_VERSION = 6.0;
				TARGETED_DEVICE_FAMILY = "1,2";
			};
			name = Release;
		};
		536562532CA7BFDA00CDE705 /* Debug */ = {
			isa = XCBuildConfiguration;
			buildSettings = {
				BUNDLE_LOADER = "$(TEST_HOST)";
				CODE_SIGN_STYLE = Automatic;
				CURRENT_PROJECT_VERSION = 1;
				DEVELOPMENT_TEAM = 69S862NXBP;
				GENERATE_INFOPLIST_FILE = YES;
				IPHONEOS_DEPLOYMENT_TARGET = 15.6;
				MARKETING_VERSION = 1.0;
				PRODUCT_BUNDLE_IDENTIFIER = "com.dor.DSAA-MIT.PureBiteTests";
				PRODUCT_NAME = "$(TARGET_NAME)";
				SWIFT_EMIT_LOC_STRINGS = NO;
				SWIFT_VERSION = 5.0;
				TARGETED_DEVICE_FAMILY = "1,2";
				TEST_HOST = "$(BUILT_PRODUCTS_DIR)/PureBite.app/$(BUNDLE_EXECUTABLE_FOLDER_PATH)/PureBite";
			};
			name = Debug;
		};
		536562542CA7BFDA00CDE705 /* Release */ = {
			isa = XCBuildConfiguration;
			buildSettings = {
				BUNDLE_LOADER = "$(TEST_HOST)";
				CODE_SIGN_STYLE = Automatic;
				CURRENT_PROJECT_VERSION = 1;
				DEVELOPMENT_TEAM = 69S862NXBP;
				GENERATE_INFOPLIST_FILE = YES;
				IPHONEOS_DEPLOYMENT_TARGET = 15.6;
				MARKETING_VERSION = 1.0;
				PRODUCT_BUNDLE_IDENTIFIER = "com.dor.DSAA-MIT.PureBiteTests";
				PRODUCT_NAME = "$(TARGET_NAME)";
				SWIFT_EMIT_LOC_STRINGS = NO;
				SWIFT_VERSION = 5.0;
				TARGETED_DEVICE_FAMILY = "1,2";
				TEST_HOST = "$(BUILT_PRODUCTS_DIR)/PureBite.app/$(BUNDLE_EXECUTABLE_FOLDER_PATH)/PureBite";
			};
			name = Release;
		};
		536562562CA7BFDA00CDE705 /* Debug */ = {
			isa = XCBuildConfiguration;
			buildSettings = {
				CODE_SIGN_STYLE = Automatic;
				CURRENT_PROJECT_VERSION = 1;
				DEVELOPMENT_TEAM = 69S862NXBP;
				GENERATE_INFOPLIST_FILE = YES;
				IPHONEOS_DEPLOYMENT_TARGET = 15.6;
				MARKETING_VERSION = 1.0;
				PRODUCT_BUNDLE_IDENTIFIER = "com.dor.DSAA-MIT.PureBiteUITests";
				PRODUCT_NAME = "$(TARGET_NAME)";
				SWIFT_EMIT_LOC_STRINGS = NO;
				SWIFT_VERSION = 5.0;
				TARGETED_DEVICE_FAMILY = "1,2";
				TEST_TARGET_NAME = PureBite;
			};
			name = Debug;
		};
		536562572CA7BFDA00CDE705 /* Release */ = {
			isa = XCBuildConfiguration;
			buildSettings = {
				CODE_SIGN_STYLE = Automatic;
				CURRENT_PROJECT_VERSION = 1;
				DEVELOPMENT_TEAM = 69S862NXBP;
				GENERATE_INFOPLIST_FILE = YES;
				IPHONEOS_DEPLOYMENT_TARGET = 15.6;
				MARKETING_VERSION = 1.0;
				PRODUCT_BUNDLE_IDENTIFIER = "com.dor.DSAA-MIT.PureBiteUITests";
				PRODUCT_NAME = "$(TARGET_NAME)";
				SWIFT_EMIT_LOC_STRINGS = NO;
				SWIFT_VERSION = 5.0;
				TARGETED_DEVICE_FAMILY = "1,2";
				TEST_TARGET_NAME = PureBite;
			};
			name = Release;
		};
/* End XCBuildConfiguration section */

/* Begin XCConfigurationList section */
		536562212CA7BFD900CDE705 /* Build configuration list for PBXProject "PureBite" */ = {
			isa = XCConfigurationList;
			buildConfigurations = (
				5365624D2CA7BFDA00CDE705 /* Debug */,
				5365624E2CA7BFDA00CDE705 /* Release */,
			);
			defaultConfigurationIsVisible = 0;
			defaultConfigurationName = Release;
		};
		5365624F2CA7BFDA00CDE705 /* Build configuration list for PBXNativeTarget "PureBite" */ = {
			isa = XCConfigurationList;
			buildConfigurations = (
				536562502CA7BFDA00CDE705 /* Debug */,
				536562512CA7BFDA00CDE705 /* Release */,
			);
			defaultConfigurationIsVisible = 0;
			defaultConfigurationName = Release;
		};
		536562522CA7BFDA00CDE705 /* Build configuration list for PBXNativeTarget "PureBiteTests" */ = {
			isa = XCConfigurationList;
			buildConfigurations = (
				536562532CA7BFDA00CDE705 /* Debug */,
				536562542CA7BFDA00CDE705 /* Release */,
			);
			defaultConfigurationIsVisible = 0;
			defaultConfigurationName = Release;
		};
		536562552CA7BFDA00CDE705 /* Build configuration list for PBXNativeTarget "PureBiteUITests" */ = {
			isa = XCConfigurationList;
			buildConfigurations = (
				536562562CA7BFDA00CDE705 /* Debug */,
				536562572CA7BFDA00CDE705 /* Release */,
			);
			defaultConfigurationIsVisible = 0;
			defaultConfigurationName = Release;
		};
/* End XCConfigurationList section */

/* Begin XCRemoteSwiftPackageReference section */
		536562A22CA7EF2500CDE705 /* XCRemoteSwiftPackageReference "Swinject" */ = {
			isa = XCRemoteSwiftPackageReference;
			repositoryURL = "https://github.com/Swinject/Swinject";
			requirement = {
				kind = upToNextMajorVersion;
				minimumVersion = 2.9.1;
			};
		};
		536562BE2CA90D9B00CDE705 /* XCRemoteSwiftPackageReference "RichText" */ = {
			isa = XCRemoteSwiftPackageReference;
			repositoryURL = "https://github.com/NuPlay/RichText.git";
			requirement = {
				kind = upToNextMajorVersion;
				minimumVersion = 2.4.1;
			};
		};
		536563172CA99D3200CDE705 /* XCRemoteSwiftPackageReference "SwinjectAutoregistration" */ = {
			isa = XCRemoteSwiftPackageReference;
			repositoryURL = "https://github.com/Swinject/SwinjectAutoregistration";
			requirement = {
				kind = upToNextMajorVersion;
				minimumVersion = 2.9.1;
			};
		};
		53BF56602CB2B2ED00A01DEC /* XCRemoteSwiftPackageReference "swiftui-cached-async-image" */ = {
			isa = XCRemoteSwiftPackageReference;
			repositoryURL = "https://github.com/lorenzofiamingo/swiftui-cached-async-image.git";
			requirement = {
				kind = upToNextMajorVersion;
				minimumVersion = 2.1.1;
			};
		};
		53BF56652CB3980000A01DEC /* XCRemoteSwiftPackageReference "SwiftUISnackbar" */ = {
			isa = XCRemoteSwiftPackageReference;
			repositoryURL = "https://github.com/zaniluca/SwiftUISnackbar";
			requirement = {
				branch = main;
				kind = branch;
			};
		};
		53EC13292CACF58600DD67F0 /* XCRemoteSwiftPackageReference "KeychainAccess" */ = {
			isa = XCRemoteSwiftPackageReference;
			repositoryURL = "https://github.com/kishikawakatsumi/KeychainAccess";
			requirement = {
				branch = master;
				kind = branch;
			};
		};
/* End XCRemoteSwiftPackageReference section */

/* Begin XCSwiftPackageProductDependency section */
		536562A32CA7EF2500CDE705 /* Swinject */ = {
			isa = XCSwiftPackageProductDependency;
			package = 536562A22CA7EF2500CDE705 /* XCRemoteSwiftPackageReference "Swinject" */;
			productName = Swinject;
		};
		536562BF2CA90D9B00CDE705 /* RichText */ = {
			isa = XCSwiftPackageProductDependency;
			package = 536562BE2CA90D9B00CDE705 /* XCRemoteSwiftPackageReference "RichText" */;
			productName = RichText;
		};
		536563182CA99D3200CDE705 /* SwinjectAutoregistration */ = {
			isa = XCSwiftPackageProductDependency;
			package = 536563172CA99D3200CDE705 /* XCRemoteSwiftPackageReference "SwinjectAutoregistration" */;
			productName = SwinjectAutoregistration;
		};
		5377A8B02CB2A4B6005F0377 /* KeychainAccess */ = {
			isa = XCSwiftPackageProductDependency;
			package = 53EC13292CACF58600DD67F0 /* XCRemoteSwiftPackageReference "KeychainAccess" */;
			productName = KeychainAccess;
		};
		53BF56612CB2B2ED00A01DEC /* CachedAsyncImage */ = {
			isa = XCSwiftPackageProductDependency;
			package = 53BF56602CB2B2ED00A01DEC /* XCRemoteSwiftPackageReference "swiftui-cached-async-image" */;
			productName = CachedAsyncImage;
		};
		53BF56662CB3980000A01DEC /* SwiftUISnackbar */ = {
			isa = XCSwiftPackageProductDependency;
			package = 53BF56652CB3980000A01DEC /* XCRemoteSwiftPackageReference "SwiftUISnackbar" */;
			productName = SwiftUISnackbar;
		};
/* End XCSwiftPackageProductDependency section */
	};
	rootObject = 5365621E2CA7BFD900CDE705 /* Project object */;
}
