// !$*UTF8*$!
{
	archiveVersion = 1;
	classes = {
	};
	objectVersion = 77;
	objects = {

/* Begin PBXBuildFile section */
		536562A42CA7EF2500CDE705 /* Swinject in Frameworks */ = {isa = PBXBuildFile; productRef = 536562A32CA7EF2500CDE705 /* Swinject */; };
		536562C02CA90D9B00CDE705 /* RichText in Frameworks */ = {isa = PBXBuildFile; productRef = 536562BF2CA90D9B00CDE705 /* RichText */; };
		536563192CA99D3200CDE705 /* SwinjectAutoregistration in Frameworks */ = {isa = PBXBuildFile; productRef = 536563182CA99D3200CDE705 /* SwinjectAutoregistration */; };
		53BF56622CB2B2ED00A01DEC /* CachedAsyncImage in Frameworks */ = {isa = PBXBuildFile; productRef = 53BF56612CB2B2ED00A01DEC /* CachedAsyncImage */; };
		53C8E2E32DA055C600FA1595 /* RichText in Frameworks */ = {isa = PBXBuildFile; productRef = 53C8E2E22DA055C600FA1595 /* RichText */; };
		53C8E2E52DA055D000FA1595 /* CachedAsyncImage in Frameworks */ = {isa = PBXBuildFile; productRef = 53C8E2E42DA055D000FA1595 /* CachedAsyncImage */; };
		53C8E2E92DA058A000FA1595 /* SwinjectAutoregistration in Frameworks */ = {isa = PBXBuildFile; productRef = 53C8E2E82DA058A000FA1595 /* SwinjectAutoregistration */; };
		53C8E2EB2DA058A400FA1595 /* Swinject in Frameworks */ = {isa = PBXBuildFile; productRef = 53C8E2EA2DA058A400FA1595 /* Swinject */; };
		53F1EB982DA04E0E00FD2159 /* Core.framework in Frameworks */ = {isa = PBXBuildFile; fileRef = 53F1EB922DA04E0E00FD2159 /* Core.framework */; };
		53F1EB992DA04E0E00FD2159 /* Core.framework in Embed Frameworks */ = {isa = PBXBuildFile; fileRef = 53F1EB922DA04E0E00FD2159 /* Core.framework */; settings = {ATTRIBUTES = (CodeSignOnCopy, RemoveHeadersOnCopy, ); }; };
		53F1EBA92DA04E9800FD2159 /* Services.framework in Frameworks */ = {isa = PBXBuildFile; fileRef = 53F1EBA32DA04E9800FD2159 /* Services.framework */; };
		53F1EBAA2DA04E9800FD2159 /* Services.framework in Embed Frameworks */ = {isa = PBXBuildFile; fileRef = 53F1EBA32DA04E9800FD2159 /* Services.framework */; settings = {ATTRIBUTES = (CodeSignOnCopy, RemoveHeadersOnCopy, ); }; };
		53F1EBAE2DA04EAF00FD2159 /* Core.framework in Frameworks */ = {isa = PBXBuildFile; fileRef = 53F1EB922DA04E0E00FD2159 /* Core.framework */; };
		53F1EBBE2DA04EBF00FD2159 /* UserInterface.framework in Frameworks */ = {isa = PBXBuildFile; fileRef = 53F1EBB82DA04EBF00FD2159 /* UserInterface.framework */; };
		53F1EBBF2DA04EBF00FD2159 /* UserInterface.framework in Embed Frameworks */ = {isa = PBXBuildFile; fileRef = 53F1EBB82DA04EBF00FD2159 /* UserInterface.framework */; settings = {ATTRIBUTES = (CodeSignOnCopy, RemoveHeadersOnCopy, ); }; };
		53F1EBC32DA04ECE00FD2159 /* Core.framework in Frameworks */ = {isa = PBXBuildFile; fileRef = 53F1EB922DA04E0E00FD2159 /* Core.framework */; };
		53F1EBC72DA04ECE00FD2159 /* Services.framework in Frameworks */ = {isa = PBXBuildFile; fileRef = 53F1EBA32DA04E9800FD2159 /* Services.framework */; };
		53F1EBD72DA04EDB00FD2159 /* CoreUserInterface.framework in Frameworks */ = {isa = PBXBuildFile; fileRef = 53F1EBD12DA04EDB00FD2159 /* CoreUserInterface.framework */; };
		53F1EBD82DA04EDB00FD2159 /* CoreUserInterface.framework in Embed Frameworks */ = {isa = PBXBuildFile; fileRef = 53F1EBD12DA04EDB00FD2159 /* CoreUserInterface.framework */; settings = {ATTRIBUTES = (CodeSignOnCopy, RemoveHeadersOnCopy, ); }; };
		53F1EBDC2DA04EE800FD2159 /* Core.framework in Frameworks */ = {isa = PBXBuildFile; fileRef = 53F1EB922DA04E0E00FD2159 /* Core.framework */; };
		53F1EBEC2DA04EF000FD2159 /* Shared.framework in Frameworks */ = {isa = PBXBuildFile; fileRef = 53F1EBE62DA04EF000FD2159 /* Shared.framework */; };
		53F1EBED2DA04EF000FD2159 /* Shared.framework in Embed Frameworks */ = {isa = PBXBuildFile; fileRef = 53F1EBE62DA04EF000FD2159 /* Shared.framework */; settings = {ATTRIBUTES = (CodeSignOnCopy, RemoveHeadersOnCopy, ); }; };
		53F1EE402DA04F1B00FD2159 /* CoreNavigation.framework in Frameworks */ = {isa = PBXBuildFile; fileRef = 53F1EE3A2DA04F1B00FD2159 /* CoreNavigation.framework */; };
		53F1EE412DA04F1B00FD2159 /* CoreNavigation.framework in Embed Frameworks */ = {isa = PBXBuildFile; fileRef = 53F1EE3A2DA04F1B00FD2159 /* CoreNavigation.framework */; settings = {ATTRIBUTES = (CodeSignOnCopy, RemoveHeadersOnCopy, ); }; };
		53F1EE452DA04F2B00FD2159 /* Shared.framework in Frameworks */ = {isa = PBXBuildFile; fileRef = 53F1EBE62DA04EF000FD2159 /* Shared.framework */; };
		53F1EE4A2DA04F3000FD2159 /* Shared.framework in Frameworks */ = {isa = PBXBuildFile; fileRef = 53F1EBE62DA04EF000FD2159 /* Shared.framework */; };
		53F1EE4E2DA04F3400FD2159 /* Shared.framework in Frameworks */ = {isa = PBXBuildFile; fileRef = 53F1EBE62DA04EF000FD2159 /* Shared.framework */; };
		53F1EE532DA04F3800FD2159 /* Shared.framework in Frameworks */ = {isa = PBXBuildFile; fileRef = 53F1EBE62DA04EF000FD2159 /* Shared.framework */; };
		53F1EE582DA04F3D00FD2159 /* Shared.framework in Frameworks */ = {isa = PBXBuildFile; fileRef = 53F1EBE62DA04EF000FD2159 /* Shared.framework */; };
		53F1F0A12DA04F7900FD2159 /* CoreUserInterface.framework in Frameworks */ = {isa = PBXBuildFile; fileRef = 53F1EBD12DA04EDB00FD2159 /* CoreUserInterface.framework */; };
/* End PBXBuildFile section */

/* Begin PBXContainerItemProxy section */
		5365623C2CA7BFDA00CDE705 /* PBXContainerItemProxy */ = {
			isa = PBXContainerItemProxy;
			containerPortal = 5365621E2CA7BFD900CDE705 /* Project object */;
			proxyType = 1;
			remoteGlobalIDString = 536562252CA7BFD900CDE705;
			remoteInfo = PureBite;
		};
		536562462CA7BFDA00CDE705 /* PBXContainerItemProxy */ = {
			isa = PBXContainerItemProxy;
			containerPortal = 5365621E2CA7BFD900CDE705 /* Project object */;
			proxyType = 1;
			remoteGlobalIDString = 536562252CA7BFD900CDE705;
			remoteInfo = PureBite;
		};
		53F1EB962DA04E0E00FD2159 /* PBXContainerItemProxy */ = {
			isa = PBXContainerItemProxy;
			containerPortal = 5365621E2CA7BFD900CDE705 /* Project object */;
			proxyType = 1;
			remoteGlobalIDString = 53F1EB912DA04E0E00FD2159;
			remoteInfo = Core;
		};
		53F1EBA72DA04E9800FD2159 /* PBXContainerItemProxy */ = {
			isa = PBXContainerItemProxy;
			containerPortal = 5365621E2CA7BFD900CDE705 /* Project object */;
			proxyType = 1;
			remoteGlobalIDString = 53F1EBA22DA04E9800FD2159;
			remoteInfo = Services;
		};
		53F1EBB02DA04EAF00FD2159 /* PBXContainerItemProxy */ = {
			isa = PBXContainerItemProxy;
			containerPortal = 5365621E2CA7BFD900CDE705 /* Project object */;
			proxyType = 1;
			remoteGlobalIDString = 53F1EB912DA04E0E00FD2159;
			remoteInfo = Core;
		};
		53F1EBBC2DA04EBF00FD2159 /* PBXContainerItemProxy */ = {
			isa = PBXContainerItemProxy;
			containerPortal = 5365621E2CA7BFD900CDE705 /* Project object */;
			proxyType = 1;
			remoteGlobalIDString = 53F1EBB72DA04EBF00FD2159;
			remoteInfo = UserInterface;
		};
		53F1EBC52DA04ECE00FD2159 /* PBXContainerItemProxy */ = {
			isa = PBXContainerItemProxy;
			containerPortal = 5365621E2CA7BFD900CDE705 /* Project object */;
			proxyType = 1;
			remoteGlobalIDString = 53F1EB912DA04E0E00FD2159;
			remoteInfo = Core;
		};
		53F1EBC92DA04ECE00FD2159 /* PBXContainerItemProxy */ = {
			isa = PBXContainerItemProxy;
			containerPortal = 5365621E2CA7BFD900CDE705 /* Project object */;
			proxyType = 1;
			remoteGlobalIDString = 53F1EBA22DA04E9800FD2159;
			remoteInfo = Services;
		};
		53F1EBD52DA04EDB00FD2159 /* PBXContainerItemProxy */ = {
			isa = PBXContainerItemProxy;
			containerPortal = 5365621E2CA7BFD900CDE705 /* Project object */;
			proxyType = 1;
			remoteGlobalIDString = 53F1EBD02DA04EDB00FD2159;
			remoteInfo = CoreUserInterface;
		};
		53F1EBDE2DA04EE800FD2159 /* PBXContainerItemProxy */ = {
			isa = PBXContainerItemProxy;
			containerPortal = 5365621E2CA7BFD900CDE705 /* Project object */;
			proxyType = 1;
			remoteGlobalIDString = 53F1EB912DA04E0E00FD2159;
			remoteInfo = Core;
		};
		53F1EBEA2DA04EF000FD2159 /* PBXContainerItemProxy */ = {
			isa = PBXContainerItemProxy;
			containerPortal = 5365621E2CA7BFD900CDE705 /* Project object */;
			proxyType = 1;
			remoteGlobalIDString = 53F1EBE52DA04EF000FD2159;
			remoteInfo = Shared;
		};
		53F1EE3E2DA04F1B00FD2159 /* PBXContainerItemProxy */ = {
			isa = PBXContainerItemProxy;
			containerPortal = 5365621E2CA7BFD900CDE705 /* Project object */;
			proxyType = 1;
			remoteGlobalIDString = 53F1EE392DA04F1B00FD2159;
			remoteInfo = CoreNavigation;
		};
		53F1EE472DA04F2B00FD2159 /* PBXContainerItemProxy */ = {
			isa = PBXContainerItemProxy;
			containerPortal = 5365621E2CA7BFD900CDE705 /* Project object */;
			proxyType = 1;
			remoteGlobalIDString = 53F1EBE52DA04EF000FD2159;
			remoteInfo = Shared;
		};
		53F1EE4C2DA04F3000FD2159 /* PBXContainerItemProxy */ = {
			isa = PBXContainerItemProxy;
			containerPortal = 5365621E2CA7BFD900CDE705 /* Project object */;
			proxyType = 1;
			remoteGlobalIDString = 53F1EBE52DA04EF000FD2159;
			remoteInfo = Shared;
		};
		53F1EE502DA04F3400FD2159 /* PBXContainerItemProxy */ = {
			isa = PBXContainerItemProxy;
			containerPortal = 5365621E2CA7BFD900CDE705 /* Project object */;
			proxyType = 1;
			remoteGlobalIDString = 53F1EBE52DA04EF000FD2159;
			remoteInfo = Shared;
		};
		53F1EE552DA04F3800FD2159 /* PBXContainerItemProxy */ = {
			isa = PBXContainerItemProxy;
			containerPortal = 5365621E2CA7BFD900CDE705 /* Project object */;
			proxyType = 1;
			remoteGlobalIDString = 53F1EBE52DA04EF000FD2159;
			remoteInfo = Shared;
		};
		53F1EE5A2DA04F3D00FD2159 /* PBXContainerItemProxy */ = {
			isa = PBXContainerItemProxy;
			containerPortal = 5365621E2CA7BFD900CDE705 /* Project object */;
			proxyType = 1;
			remoteGlobalIDString = 53F1EBE52DA04EF000FD2159;
			remoteInfo = Shared;
		};
		53F1F0A32DA04F7900FD2159 /* PBXContainerItemProxy */ = {
			isa = PBXContainerItemProxy;
			containerPortal = 5365621E2CA7BFD900CDE705 /* Project object */;
			proxyType = 1;
			remoteGlobalIDString = 53F1EBD02DA04EDB00FD2159;
			remoteInfo = CoreUserInterface;
		};
/* End PBXContainerItemProxy section */

/* Begin PBXCopyFilesBuildPhase section */
		53F1EB9A2DA04E0E00FD2159 /* Embed Frameworks */ = {
			isa = PBXCopyFilesBuildPhase;
			buildActionMask = 2147483647;
			dstPath = "";
			dstSubfolderSpec = 10;
			files = (
				53F1EBED2DA04EF000FD2159 /* Shared.framework in Embed Frameworks */,
				53F1EE412DA04F1B00FD2159 /* CoreNavigation.framework in Embed Frameworks */,
				53F1EBD82DA04EDB00FD2159 /* CoreUserInterface.framework in Embed Frameworks */,
				53F1EBAA2DA04E9800FD2159 /* Services.framework in Embed Frameworks */,
				53F1EBBF2DA04EBF00FD2159 /* UserInterface.framework in Embed Frameworks */,
				53F1EB992DA04E0E00FD2159 /* Core.framework in Embed Frameworks */,
			);
			name = "Embed Frameworks";
			runOnlyForDeploymentPostprocessing = 0;
		};
/* End PBXCopyFilesBuildPhase section */

/* Begin PBXFileReference section */
		536562262CA7BFD900CDE705 /* PureBite.app */ = {isa = PBXFileReference; explicitFileType = wrapper.application; includeInIndex = 0; path = PureBite.app; sourceTree = BUILT_PRODUCTS_DIR; };
		5365623B2CA7BFDA00CDE705 /* PureBiteTests.xctest */ = {isa = PBXFileReference; explicitFileType = wrapper.cfbundle; includeInIndex = 0; path = PureBiteTests.xctest; sourceTree = BUILT_PRODUCTS_DIR; };
		536562452CA7BFDA00CDE705 /* PureBiteUITests.xctest */ = {isa = PBXFileReference; explicitFileType = wrapper.cfbundle; includeInIndex = 0; path = PureBiteUITests.xctest; sourceTree = BUILT_PRODUCTS_DIR; };
		53F1EB922DA04E0E00FD2159 /* Core.framework */ = {isa = PBXFileReference; explicitFileType = wrapper.framework; includeInIndex = 0; path = Core.framework; sourceTree = BUILT_PRODUCTS_DIR; };
		53F1EBA32DA04E9800FD2159 /* Services.framework */ = {isa = PBXFileReference; explicitFileType = wrapper.framework; includeInIndex = 0; path = Services.framework; sourceTree = BUILT_PRODUCTS_DIR; };
		53F1EBB82DA04EBF00FD2159 /* UserInterface.framework */ = {isa = PBXFileReference; explicitFileType = wrapper.framework; includeInIndex = 0; path = UserInterface.framework; sourceTree = BUILT_PRODUCTS_DIR; };
		53F1EBD12DA04EDB00FD2159 /* CoreUserInterface.framework */ = {isa = PBXFileReference; explicitFileType = wrapper.framework; includeInIndex = 0; path = CoreUserInterface.framework; sourceTree = BUILT_PRODUCTS_DIR; };
		53F1EBE62DA04EF000FD2159 /* Shared.framework */ = {isa = PBXFileReference; explicitFileType = wrapper.framework; includeInIndex = 0; path = Shared.framework; sourceTree = BUILT_PRODUCTS_DIR; };
		53F1EE3A2DA04F1B00FD2159 /* CoreNavigation.framework */ = {isa = PBXFileReference; explicitFileType = wrapper.framework; includeInIndex = 0; path = CoreNavigation.framework; sourceTree = BUILT_PRODUCTS_DIR; };
/* End PBXFileReference section */

/* Begin PBXFileSystemSynchronizedBuildFileExceptionSet section */
		536562BB2CA907CE00CDE705 /* Exceptions for "PureBite" folder in "PureBite" target */ = {
			isa = PBXFileSystemSynchronizedBuildFileExceptionSet;
			membershipExceptions = (
				Resources/Info.plist,
			);
			target = 536562252CA7BFD900CDE705 /* PureBite */;
		};
		53C8E5682DA05E4E00FA1595 /* Exceptions for "Services" folder in "PureBite" target */ = {
			isa = PBXFileSystemSynchronizedBuildFileExceptionSet;
			membershipExceptions = (
				Networking/DataServices/MockData/ingredientInformation.json,
				Networking/DataServices/MockData/recipeInformation.json,
				Networking/DataServices/MockData/searchIngredients.json,
				Networking/DataServices/MockData/searchRecipes.json,
				Storage/CoreData/PureBite.xcdatamodeld,
			);
			target = 536562252CA7BFD900CDE705 /* PureBite */;
		};
/* End PBXFileSystemSynchronizedBuildFileExceptionSet section */

/* Begin PBXFileSystemSynchronizedRootGroup section */
		536562282CA7BFD900CDE705 /* PureBite */ = {
			isa = PBXFileSystemSynchronizedRootGroup;
			exceptions = (
				536562BB2CA907CE00CDE705 /* Exceptions for "PureBite" folder in "PureBite" target */,
			);
			path = PureBite;
			sourceTree = "<group>";
		};
		5365623E2CA7BFDA00CDE705 /* PureBiteTests */ = {
			isa = PBXFileSystemSynchronizedRootGroup;
			path = PureBiteTests;
			sourceTree = "<group>";
		};
		536562482CA7BFDA00CDE705 /* PureBiteUITests */ = {
			isa = PBXFileSystemSynchronizedRootGroup;
			path = PureBiteUITests;
			sourceTree = "<group>";
		};
		53C8E1C32DA052FC00FA1595 /* UserInterface */ = {
			isa = PBXFileSystemSynchronizedRootGroup;
			path = UserInterface;
			sourceTree = "<group>";
		};
		53C8E2162DA0549A00FA1595 /* Services */ = {
			isa = PBXFileSystemSynchronizedRootGroup;
			exceptions = (
				53C8E5682DA05E4E00FA1595 /* Exceptions for "Services" folder in "PureBite" target */,
			);
			path = Services;
			sourceTree = "<group>";
		};
		53C8E2562DA054AC00FA1595 /* Core */ = {
			isa = PBXFileSystemSynchronizedRootGroup;
			path = Core;
			sourceTree = "<group>";
		};
		53C8E2952DA054BE00FA1595 /* CoreUserInterface */ = {
			isa = PBXFileSystemSynchronizedRootGroup;
			path = CoreUserInterface;
			sourceTree = "<group>";
		};
		53C8E2DA2DA054D100FA1595 /* CoreNavigation */ = {
			isa = PBXFileSystemSynchronizedRootGroup;
			path = CoreNavigation;
			sourceTree = "<group>";
		};
		53C8E3042DA0594200FA1595 /* Shared */ = {
			isa = PBXFileSystemSynchronizedRootGroup;
			path = Shared;
			sourceTree = "<group>";
		};
/* End PBXFileSystemSynchronizedRootGroup section */

/* Begin PBXFrameworksBuildPhase section */
		536562232CA7BFD900CDE705 /* Frameworks */ = {
			isa = PBXFrameworksBuildPhase;
			buildActionMask = 2147483647;
			files = (
				53F1EB982DA04E0E00FD2159 /* Core.framework in Frameworks */,
				53F1EE402DA04F1B00FD2159 /* CoreNavigation.framework in Frameworks */,
				53F1EBBE2DA04EBF00FD2159 /* UserInterface.framework in Frameworks */,
				53F1EBEC2DA04EF000FD2159 /* Shared.framework in Frameworks */,
				53F1EBA92DA04E9800FD2159 /* Services.framework in Frameworks */,
				53BF56622CB2B2ED00A01DEC /* CachedAsyncImage in Frameworks */,
				53F1EBD72DA04EDB00FD2159 /* CoreUserInterface.framework in Frameworks */,
				536562A42CA7EF2500CDE705 /* Swinject in Frameworks */,
				536562C02CA90D9B00CDE705 /* RichText in Frameworks */,
				536563192CA99D3200CDE705 /* SwinjectAutoregistration in Frameworks */,
			);
			runOnlyForDeploymentPostprocessing = 0;
		};
		536562382CA7BFDA00CDE705 /* Frameworks */ = {
			isa = PBXFrameworksBuildPhase;
			buildActionMask = 2147483647;
			files = (
			);
			runOnlyForDeploymentPostprocessing = 0;
		};
		536562422CA7BFDA00CDE705 /* Frameworks */ = {
			isa = PBXFrameworksBuildPhase;
			buildActionMask = 2147483647;
			files = (
			);
			runOnlyForDeploymentPostprocessing = 0;
		};
		53F1EB8F2DA04E0E00FD2159 /* Frameworks */ = {
			isa = PBXFrameworksBuildPhase;
			buildActionMask = 2147483647;
			files = (
				53F1EE582DA04F3D00FD2159 /* Shared.framework in Frameworks */,
			);
			runOnlyForDeploymentPostprocessing = 0;
		};
		53F1EBA02DA04E9800FD2159 /* Frameworks */ = {
			isa = PBXFrameworksBuildPhase;
			buildActionMask = 2147483647;
			files = (
				53F1EBAE2DA04EAF00FD2159 /* Core.framework in Frameworks */,
				53F1EE532DA04F3800FD2159 /* Shared.framework in Frameworks */,
			);
			runOnlyForDeploymentPostprocessing = 0;
		};
		53F1EBB52DA04EBF00FD2159 /* Frameworks */ = {
			isa = PBXFrameworksBuildPhase;
			buildActionMask = 2147483647;
			files = (
				53F1F0A12DA04F7900FD2159 /* CoreUserInterface.framework in Frameworks */,
				53F1EBC72DA04ECE00FD2159 /* Services.framework in Frameworks */,
				53F1EE4E2DA04F3400FD2159 /* Shared.framework in Frameworks */,
				53C8E2E52DA055D000FA1595 /* CachedAsyncImage in Frameworks */,
				53C8E2E32DA055C600FA1595 /* RichText in Frameworks */,
				53F1EBC32DA04ECE00FD2159 /* Core.framework in Frameworks */,
			);
			runOnlyForDeploymentPostprocessing = 0;
		};
		53F1EBCE2DA04EDB00FD2159 /* Frameworks */ = {
			isa = PBXFrameworksBuildPhase;
			buildActionMask = 2147483647;
			files = (
				53F1EBDC2DA04EE800FD2159 /* Core.framework in Frameworks */,
				53F1EE4A2DA04F3000FD2159 /* Shared.framework in Frameworks */,
			);
			runOnlyForDeploymentPostprocessing = 0;
		};
		53F1EBE32DA04EF000FD2159 /* Frameworks */ = {
			isa = PBXFrameworksBuildPhase;
			buildActionMask = 2147483647;
			files = (
			);
			runOnlyForDeploymentPostprocessing = 0;
		};
		53F1EE372DA04F1B00FD2159 /* Frameworks */ = {
			isa = PBXFrameworksBuildPhase;
			buildActionMask = 2147483647;
			files = (
				53F1EE452DA04F2B00FD2159 /* Shared.framework in Frameworks */,
				53C8E2E92DA058A000FA1595 /* SwinjectAutoregistration in Frameworks */,
				53C8E2EB2DA058A400FA1595 /* Swinject in Frameworks */,
			);
			runOnlyForDeploymentPostprocessing = 0;
		};
/* End PBXFrameworksBuildPhase section */

/* Begin PBXGroup section */
		5365621D2CA7BFD900CDE705 = {
			isa = PBXGroup;
			children = (
				536562282CA7BFD900CDE705 /* PureBite */,
				5365623E2CA7BFDA00CDE705 /* PureBiteTests */,
				536562482CA7BFDA00CDE705 /* PureBiteUITests */,
				53C8E2562DA054AC00FA1595 /* Core */,
				53C8E2162DA0549A00FA1595 /* Services */,
				53C8E1C32DA052FC00FA1595 /* UserInterface */,
				53C8E2952DA054BE00FA1595 /* CoreUserInterface */,
				53C8E3042DA0594200FA1595 /* Shared */,
				53C8E2DA2DA054D100FA1595 /* CoreNavigation */,
				5365628A2CA7EC4C00CDE705 /* Frameworks */,
				536562272CA7BFD900CDE705 /* Products */,
			);
			sourceTree = "<group>";
		};
		536562272CA7BFD900CDE705 /* Products */ = {
			isa = PBXGroup;
			children = (
				536562262CA7BFD900CDE705 /* PureBite.app */,
				5365623B2CA7BFDA00CDE705 /* PureBiteTests.xctest */,
				536562452CA7BFDA00CDE705 /* PureBiteUITests.xctest */,
				53F1EB922DA04E0E00FD2159 /* Core.framework */,
				53F1EBA32DA04E9800FD2159 /* Services.framework */,
				53F1EBB82DA04EBF00FD2159 /* UserInterface.framework */,
				53F1EBD12DA04EDB00FD2159 /* CoreUserInterface.framework */,
				53F1EBE62DA04EF000FD2159 /* Shared.framework */,
				53F1EE3A2DA04F1B00FD2159 /* CoreNavigation.framework */,
			);
			name = Products;
			sourceTree = "<group>";
		};
		5365628A2CA7EC4C00CDE705 /* Frameworks */ = {
			isa = PBXGroup;
			children = (
			);
			name = Frameworks;
			sourceTree = "<group>";
		};
/* End PBXGroup section */

/* Begin PBXHeadersBuildPhase section */
		53F1EB8D2DA04E0E00FD2159 /* Headers */ = {
			isa = PBXHeadersBuildPhase;
			buildActionMask = 2147483647;
			files = (
			);
			runOnlyForDeploymentPostprocessing = 0;
		};
		53F1EB9E2DA04E9800FD2159 /* Headers */ = {
			isa = PBXHeadersBuildPhase;
			buildActionMask = 2147483647;
			files = (
			);
			runOnlyForDeploymentPostprocessing = 0;
		};
		53F1EBB32DA04EBF00FD2159 /* Headers */ = {
			isa = PBXHeadersBuildPhase;
			buildActionMask = 2147483647;
			files = (
			);
			runOnlyForDeploymentPostprocessing = 0;
		};
		53F1EBCC2DA04EDB00FD2159 /* Headers */ = {
			isa = PBXHeadersBuildPhase;
			buildActionMask = 2147483647;
			files = (
			);
			runOnlyForDeploymentPostprocessing = 0;
		};
		53F1EBE12DA04EF000FD2159 /* Headers */ = {
			isa = PBXHeadersBuildPhase;
			buildActionMask = 2147483647;
			files = (
			);
			runOnlyForDeploymentPostprocessing = 0;
		};
		53F1EE352DA04F1B00FD2159 /* Headers */ = {
			isa = PBXHeadersBuildPhase;
			buildActionMask = 2147483647;
			files = (
			);
			runOnlyForDeploymentPostprocessing = 0;
		};
/* End PBXHeadersBuildPhase section */

/* Begin PBXNativeTarget section */
		536562252CA7BFD900CDE705 /* PureBite */ = {
			isa = PBXNativeTarget;
			buildConfigurationList = 5365624F2CA7BFDA00CDE705 /* Build configuration list for PBXNativeTarget "PureBite" */;
			buildPhases = (
				536562222CA7BFD900CDE705 /* Sources */,
				536562232CA7BFD900CDE705 /* Frameworks */,
				536562242CA7BFD900CDE705 /* Resources */,
				53F1EB9A2DA04E0E00FD2159 /* Embed Frameworks */,
			);
			buildRules = (
			);
			dependencies = (
				53F1EB972DA04E0E00FD2159 /* PBXTargetDependency */,
				53F1EBA82DA04E9800FD2159 /* PBXTargetDependency */,
				53F1EBBD2DA04EBF00FD2159 /* PBXTargetDependency */,
				53F1EBD62DA04EDB00FD2159 /* PBXTargetDependency */,
				53F1EBEB2DA04EF000FD2159 /* PBXTargetDependency */,
				53F1EE3F2DA04F1B00FD2159 /* PBXTargetDependency */,
			);
			fileSystemSynchronizedGroups = (
				536562282CA7BFD900CDE705 /* PureBite */,
			);
			name = PureBite;
			packageProductDependencies = (
				536562A32CA7EF2500CDE705 /* Swinject */,
				536562BF2CA90D9B00CDE705 /* RichText */,
				536563182CA99D3200CDE705 /* SwinjectAutoregistration */,
				53BF56612CB2B2ED00A01DEC /* CachedAsyncImage */,
			);
			productName = PureBite;
			productReference = 536562262CA7BFD900CDE705 /* PureBite.app */;
			productType = "com.apple.product-type.application";
		};
		5365623A2CA7BFDA00CDE705 /* PureBiteTests */ = {
			isa = PBXNativeTarget;
			buildConfigurationList = 536562522CA7BFDA00CDE705 /* Build configuration list for PBXNativeTarget "PureBiteTests" */;
			buildPhases = (
				536562372CA7BFDA00CDE705 /* Sources */,
				536562382CA7BFDA00CDE705 /* Frameworks */,
				536562392CA7BFDA00CDE705 /* Resources */,
			);
			buildRules = (
			);
			dependencies = (
				5365623D2CA7BFDA00CDE705 /* PBXTargetDependency */,
			);
			fileSystemSynchronizedGroups = (
				5365623E2CA7BFDA00CDE705 /* PureBiteTests */,
			);
			name = PureBiteTests;
			packageProductDependencies = (
			);
			productName = PureBiteTests;
			productReference = 5365623B2CA7BFDA00CDE705 /* PureBiteTests.xctest */;
			productType = "com.apple.product-type.bundle.unit-test";
		};
		536562442CA7BFDA00CDE705 /* PureBiteUITests */ = {
			isa = PBXNativeTarget;
			buildConfigurationList = 536562552CA7BFDA00CDE705 /* Build configuration list for PBXNativeTarget "PureBiteUITests" */;
			buildPhases = (
				536562412CA7BFDA00CDE705 /* Sources */,
				536562422CA7BFDA00CDE705 /* Frameworks */,
				536562432CA7BFDA00CDE705 /* Resources */,
			);
			buildRules = (
			);
			dependencies = (
				536562472CA7BFDA00CDE705 /* PBXTargetDependency */,
			);
			fileSystemSynchronizedGroups = (
				536562482CA7BFDA00CDE705 /* PureBiteUITests */,
			);
			name = PureBiteUITests;
			packageProductDependencies = (
			);
			productName = PureBiteUITests;
			productReference = 536562452CA7BFDA00CDE705 /* PureBiteUITests.xctest */;
			productType = "com.apple.product-type.bundle.ui-testing";
		};
		53F1EB912DA04E0E00FD2159 /* Core */ = {
			isa = PBXNativeTarget;
			buildConfigurationList = 53F1EB9D2DA04E0E00FD2159 /* Build configuration list for PBXNativeTarget "Core" */;
			buildPhases = (
				53F1EB8D2DA04E0E00FD2159 /* Headers */,
				53F1EB8E2DA04E0E00FD2159 /* Sources */,
				53F1EB8F2DA04E0E00FD2159 /* Frameworks */,
				53F1EB902DA04E0E00FD2159 /* Resources */,
			);
			buildRules = (
			);
			dependencies = (
				53F1EE5B2DA04F3D00FD2159 /* PBXTargetDependency */,
			);
			fileSystemSynchronizedGroups = (
				53C8E2562DA054AC00FA1595 /* Core */,
			);
			name = Core;
			packageProductDependencies = (
			);
			productName = Core;
			productReference = 53F1EB922DA04E0E00FD2159 /* Core.framework */;
			productType = "com.apple.product-type.framework";
		};
		53F1EBA22DA04E9800FD2159 /* Services */ = {
			isa = PBXNativeTarget;
			buildConfigurationList = 53F1EBAB2DA04E9800FD2159 /* Build configuration list for PBXNativeTarget "Services" */;
			buildPhases = (
				53F1EB9E2DA04E9800FD2159 /* Headers */,
				53F1EB9F2DA04E9800FD2159 /* Sources */,
				53F1EBA02DA04E9800FD2159 /* Frameworks */,
				53F1EBA12DA04E9800FD2159 /* Resources */,
			);
			buildRules = (
			);
			dependencies = (
				53F1EBB12DA04EAF00FD2159 /* PBXTargetDependency */,
				53F1EE562DA04F3800FD2159 /* PBXTargetDependency */,
			);
			fileSystemSynchronizedGroups = (
				53C8E2162DA0549A00FA1595 /* Services */,
			);
			name = Services;
			packageProductDependencies = (
			);
			productName = Services;
			productReference = 53F1EBA32DA04E9800FD2159 /* Services.framework */;
			productType = "com.apple.product-type.framework";
		};
		53F1EBB72DA04EBF00FD2159 /* UserInterface */ = {
			isa = PBXNativeTarget;
			buildConfigurationList = 53F1EBC02DA04EBF00FD2159 /* Build configuration list for PBXNativeTarget "UserInterface" */;
			buildPhases = (
				53F1EBB32DA04EBF00FD2159 /* Headers */,
				53F1EBB42DA04EBF00FD2159 /* Sources */,
				53F1EBB52DA04EBF00FD2159 /* Frameworks */,
				53F1EBB62DA04EBF00FD2159 /* Resources */,
			);
			buildRules = (
			);
			dependencies = (
				53F1EBC62DA04ECE00FD2159 /* PBXTargetDependency */,
				53F1EBCA2DA04ECE00FD2159 /* PBXTargetDependency */,
				53F1EE512DA04F3400FD2159 /* PBXTargetDependency */,
				53F1F0A42DA04F7900FD2159 /* PBXTargetDependency */,
			);
			fileSystemSynchronizedGroups = (
				53C8E1C32DA052FC00FA1595 /* UserInterface */,
			);
			name = UserInterface;
			packageProductDependencies = (
				53C8E2E22DA055C600FA1595 /* RichText */,
				53C8E2E42DA055D000FA1595 /* CachedAsyncImage */,
			);
			productName = UserInterface;
			productReference = 53F1EBB82DA04EBF00FD2159 /* UserInterface.framework */;
			productType = "com.apple.product-type.framework";
		};
		53F1EBD02DA04EDB00FD2159 /* CoreUserInterface */ = {
			isa = PBXNativeTarget;
			buildConfigurationList = 53F1EBD92DA04EDB00FD2159 /* Build configuration list for PBXNativeTarget "CoreUserInterface" */;
			buildPhases = (
				53F1EBCC2DA04EDB00FD2159 /* Headers */,
				53F1EBCD2DA04EDB00FD2159 /* Sources */,
				53F1EBCE2DA04EDB00FD2159 /* Frameworks */,
				53F1EBCF2DA04EDB00FD2159 /* Resources */,
			);
			buildRules = (
			);
			dependencies = (
				53F1EBDF2DA04EE800FD2159 /* PBXTargetDependency */,
				53F1EE4D2DA04F3000FD2159 /* PBXTargetDependency */,
			);
			fileSystemSynchronizedGroups = (
				53C8E2952DA054BE00FA1595 /* CoreUserInterface */,
			);
			name = CoreUserInterface;
			packageProductDependencies = (
			);
			productName = CoreUserInterface;
			productReference = 53F1EBD12DA04EDB00FD2159 /* CoreUserInterface.framework */;
			productType = "com.apple.product-type.framework";
		};
		53F1EBE52DA04EF000FD2159 /* Shared */ = {
			isa = PBXNativeTarget;
			buildConfigurationList = 53F1EBEE2DA04EF000FD2159 /* Build configuration list for PBXNativeTarget "Shared" */;
			buildPhases = (
				53F1EBE12DA04EF000FD2159 /* Headers */,
				53F1EBE22DA04EF000FD2159 /* Sources */,
				53F1EBE32DA04EF000FD2159 /* Frameworks */,
				53F1EBE42DA04EF000FD2159 /* Resources */,
			);
			buildRules = (
			);
			dependencies = (
			);
			fileSystemSynchronizedGroups = (
				53C8E3042DA0594200FA1595 /* Shared */,
			);
			name = Shared;
			packageProductDependencies = (
			);
			productName = Shared;
			productReference = 53F1EBE62DA04EF000FD2159 /* Shared.framework */;
			productType = "com.apple.product-type.framework";
		};
		53F1EE392DA04F1B00FD2159 /* CoreNavigation */ = {
			isa = PBXNativeTarget;
			buildConfigurationList = 53F1EE422DA04F1B00FD2159 /* Build configuration list for PBXNativeTarget "CoreNavigation" */;
			buildPhases = (
				53F1EE352DA04F1B00FD2159 /* Headers */,
				53F1EE362DA04F1B00FD2159 /* Sources */,
				53F1EE372DA04F1B00FD2159 /* Frameworks */,
				53F1EE382DA04F1B00FD2159 /* Resources */,
			);
			buildRules = (
			);
			dependencies = (
				53F1EE482DA04F2B00FD2159 /* PBXTargetDependency */,
			);
			fileSystemSynchronizedGroups = (
				53C8E2DA2DA054D100FA1595 /* CoreNavigation */,
			);
			name = CoreNavigation;
			packageProductDependencies = (
				53C8E2E82DA058A000FA1595 /* SwinjectAutoregistration */,
				53C8E2EA2DA058A400FA1595 /* Swinject */,
			);
			productName = CoreNavigation;
			productReference = 53F1EE3A2DA04F1B00FD2159 /* CoreNavigation.framework */;
			productType = "com.apple.product-type.framework";
		};
/* End PBXNativeTarget section */

/* Begin PBXProject section */
		5365621E2CA7BFD900CDE705 /* Project object */ = {
			isa = PBXProject;
			attributes = {
				BuildIndependentTargetsInParallel = 1;
				LastSwiftUpdateCheck = 1630;
				LastUpgradeCheck = 1610;
				TargetAttributes = {
					536562252CA7BFD900CDE705 = {
						CreatedOnToolsVersion = 16.1;
					};
					5365623A2CA7BFDA00CDE705 = {
						CreatedOnToolsVersion = 16.1;
						TestTargetID = 536562252CA7BFD900CDE705;
					};
					536562442CA7BFDA00CDE705 = {
						CreatedOnToolsVersion = 16.1;
						TestTargetID = 536562252CA7BFD900CDE705;
					};
					53F1EB912DA04E0E00FD2159 = {
						CreatedOnToolsVersion = 16.3;
					};
					53F1EBA22DA04E9800FD2159 = {
						CreatedOnToolsVersion = 16.3;
					};
					53F1EBB72DA04EBF00FD2159 = {
						CreatedOnToolsVersion = 16.3;
					};
					53F1EBD02DA04EDB00FD2159 = {
						CreatedOnToolsVersion = 16.3;
					};
					53F1EBE52DA04EF000FD2159 = {
						CreatedOnToolsVersion = 16.3;
					};
					53F1EE392DA04F1B00FD2159 = {
						CreatedOnToolsVersion = 16.3;
					};
				};
			};
			buildConfigurationList = 536562212CA7BFD900CDE705 /* Build configuration list for PBXProject "PureBite" */;
			developmentRegion = en;
			hasScannedForEncodings = 0;
			knownRegions = (
				en,
				Base,
			);
			mainGroup = 5365621D2CA7BFD900CDE705;
			minimizedProjectReferenceProxies = 1;
			packageReferences = (
				536562A22CA7EF2500CDE705 /* XCRemoteSwiftPackageReference "Swinject" */,
				536562BE2CA90D9B00CDE705 /* XCRemoteSwiftPackageReference "RichText" */,
				536563172CA99D3200CDE705 /* XCRemoteSwiftPackageReference "SwinjectAutoregistration" */,
				53BF56602CB2B2ED00A01DEC /* XCRemoteSwiftPackageReference "swiftui-cached-async-image" */,
			);
			preferredProjectObjectVersion = 77;
			productRefGroup = 536562272CA7BFD900CDE705 /* Products */;
			projectDirPath = "";
			projectRoot = "";
			targets = (
				536562252CA7BFD900CDE705 /* PureBite */,
				5365623A2CA7BFDA00CDE705 /* PureBiteTests */,
				536562442CA7BFDA00CDE705 /* PureBiteUITests */,
				53F1EB912DA04E0E00FD2159 /* Core */,
				53F1EBA22DA04E9800FD2159 /* Services */,
				53F1EBB72DA04EBF00FD2159 /* UserInterface */,
				53F1EBD02DA04EDB00FD2159 /* CoreUserInterface */,
				53F1EBE52DA04EF000FD2159 /* Shared */,
				53F1EE392DA04F1B00FD2159 /* CoreNavigation */,
			);
		};
/* End PBXProject section */

/* Begin PBXResourcesBuildPhase section */
		536562242CA7BFD900CDE705 /* Resources */ = {
			isa = PBXResourcesBuildPhase;
			buildActionMask = 2147483647;
			files = (
			);
			runOnlyForDeploymentPostprocessing = 0;
		};
		536562392CA7BFDA00CDE705 /* Resources */ = {
			isa = PBXResourcesBuildPhase;
			buildActionMask = 2147483647;
			files = (
			);
			runOnlyForDeploymentPostprocessing = 0;
		};
		536562432CA7BFDA00CDE705 /* Resources */ = {
			isa = PBXResourcesBuildPhase;
			buildActionMask = 2147483647;
			files = (
			);
			runOnlyForDeploymentPostprocessing = 0;
		};
		53F1EB902DA04E0E00FD2159 /* Resources */ = {
			isa = PBXResourcesBuildPhase;
			buildActionMask = 2147483647;
			files = (
			);
			runOnlyForDeploymentPostprocessing = 0;
		};
		53F1EBA12DA04E9800FD2159 /* Resources */ = {
			isa = PBXResourcesBuildPhase;
			buildActionMask = 2147483647;
			files = (
			);
			runOnlyForDeploymentPostprocessing = 0;
		};
		53F1EBB62DA04EBF00FD2159 /* Resources */ = {
			isa = PBXResourcesBuildPhase;
			buildActionMask = 2147483647;
			files = (
			);
			runOnlyForDeploymentPostprocessing = 0;
		};
		53F1EBCF2DA04EDB00FD2159 /* Resources */ = {
			isa = PBXResourcesBuildPhase;
			buildActionMask = 2147483647;
			files = (
			);
			runOnlyForDeploymentPostprocessing = 0;
		};
		53F1EBE42DA04EF000FD2159 /* Resources */ = {
			isa = PBXResourcesBuildPhase;
			buildActionMask = 2147483647;
			files = (
			);
			runOnlyForDeploymentPostprocessing = 0;
		};
		53F1EE382DA04F1B00FD2159 /* Resources */ = {
			isa = PBXResourcesBuildPhase;
			buildActionMask = 2147483647;
			files = (
			);
			runOnlyForDeploymentPostprocessing = 0;
		};
/* End PBXResourcesBuildPhase section */

/* Begin PBXSourcesBuildPhase section */
		536562222CA7BFD900CDE705 /* Sources */ = {
			isa = PBXSourcesBuildPhase;
			buildActionMask = 2147483647;
			files = (
			);
			runOnlyForDeploymentPostprocessing = 0;
		};
		536562372CA7BFDA00CDE705 /* Sources */ = {
			isa = PBXSourcesBuildPhase;
			buildActionMask = 2147483647;
			files = (
			);
			runOnlyForDeploymentPostprocessing = 0;
		};
		536562412CA7BFDA00CDE705 /* Sources */ = {
			isa = PBXSourcesBuildPhase;
			buildActionMask = 2147483647;
			files = (
			);
			runOnlyForDeploymentPostprocessing = 0;
		};
		53F1EB8E2DA04E0E00FD2159 /* Sources */ = {
			isa = PBXSourcesBuildPhase;
			buildActionMask = 2147483647;
			files = (
			);
			runOnlyForDeploymentPostprocessing = 0;
		};
		53F1EB9F2DA04E9800FD2159 /* Sources */ = {
			isa = PBXSourcesBuildPhase;
			buildActionMask = 2147483647;
			files = (
			);
			runOnlyForDeploymentPostprocessing = 0;
		};
		53F1EBB42DA04EBF00FD2159 /* Sources */ = {
			isa = PBXSourcesBuildPhase;
			buildActionMask = 2147483647;
			files = (
			);
			runOnlyForDeploymentPostprocessing = 0;
		};
		53F1EBCD2DA04EDB00FD2159 /* Sources */ = {
			isa = PBXSourcesBuildPhase;
			buildActionMask = 2147483647;
			files = (
			);
			runOnlyForDeploymentPostprocessing = 0;
		};
		53F1EBE22DA04EF000FD2159 /* Sources */ = {
			isa = PBXSourcesBuildPhase;
			buildActionMask = 2147483647;
			files = (
			);
			runOnlyForDeploymentPostprocessing = 0;
		};
		53F1EE362DA04F1B00FD2159 /* Sources */ = {
			isa = PBXSourcesBuildPhase;
			buildActionMask = 2147483647;
			files = (
			);
			runOnlyForDeploymentPostprocessing = 0;
		};
/* End PBXSourcesBuildPhase section */

/* Begin PBXTargetDependency section */
		5365623D2CA7BFDA00CDE705 /* PBXTargetDependency */ = {
			isa = PBXTargetDependency;
			target = 536562252CA7BFD900CDE705 /* PureBite */;
			targetProxy = 5365623C2CA7BFDA00CDE705 /* PBXContainerItemProxy */;
		};
		536562472CA7BFDA00CDE705 /* PBXTargetDependency */ = {
			isa = PBXTargetDependency;
			target = 536562252CA7BFD900CDE705 /* PureBite */;
			targetProxy = 536562462CA7BFDA00CDE705 /* PBXContainerItemProxy */;
		};
		53F1EB972DA04E0E00FD2159 /* PBXTargetDependency */ = {
			isa = PBXTargetDependency;
			target = 53F1EB912DA04E0E00FD2159 /* Core */;
			targetProxy = 53F1EB962DA04E0E00FD2159 /* PBXContainerItemProxy */;
		};
		53F1EBA82DA04E9800FD2159 /* PBXTargetDependency */ = {
			isa = PBXTargetDependency;
			target = 53F1EBA22DA04E9800FD2159 /* Services */;
			targetProxy = 53F1EBA72DA04E9800FD2159 /* PBXContainerItemProxy */;
		};
		53F1EBB12DA04EAF00FD2159 /* PBXTargetDependency */ = {
			isa = PBXTargetDependency;
			target = 53F1EB912DA04E0E00FD2159 /* Core */;
			targetProxy = 53F1EBB02DA04EAF00FD2159 /* PBXContainerItemProxy */;
		};
		53F1EBBD2DA04EBF00FD2159 /* PBXTargetDependency */ = {
			isa = PBXTargetDependency;
			target = 53F1EBB72DA04EBF00FD2159 /* UserInterface */;
			targetProxy = 53F1EBBC2DA04EBF00FD2159 /* PBXContainerItemProxy */;
		};
		53F1EBC62DA04ECE00FD2159 /* PBXTargetDependency */ = {
			isa = PBXTargetDependency;
			target = 53F1EB912DA04E0E00FD2159 /* Core */;
			targetProxy = 53F1EBC52DA04ECE00FD2159 /* PBXContainerItemProxy */;
		};
		53F1EBCA2DA04ECE00FD2159 /* PBXTargetDependency */ = {
			isa = PBXTargetDependency;
			target = 53F1EBA22DA04E9800FD2159 /* Services */;
			targetProxy = 53F1EBC92DA04ECE00FD2159 /* PBXContainerItemProxy */;
		};
		53F1EBD62DA04EDB00FD2159 /* PBXTargetDependency */ = {
			isa = PBXTargetDependency;
			target = 53F1EBD02DA04EDB00FD2159 /* CoreUserInterface */;
			targetProxy = 53F1EBD52DA04EDB00FD2159 /* PBXContainerItemProxy */;
		};
		53F1EBDF2DA04EE800FD2159 /* PBXTargetDependency */ = {
			isa = PBXTargetDependency;
			target = 53F1EB912DA04E0E00FD2159 /* Core */;
			targetProxy = 53F1EBDE2DA04EE800FD2159 /* PBXContainerItemProxy */;
		};
		53F1EBEB2DA04EF000FD2159 /* PBXTargetDependency */ = {
			isa = PBXTargetDependency;
			target = 53F1EBE52DA04EF000FD2159 /* Shared */;
			targetProxy = 53F1EBEA2DA04EF000FD2159 /* PBXContainerItemProxy */;
		};
		53F1EE3F2DA04F1B00FD2159 /* PBXTargetDependency */ = {
			isa = PBXTargetDependency;
			target = 53F1EE392DA04F1B00FD2159 /* CoreNavigation */;
			targetProxy = 53F1EE3E2DA04F1B00FD2159 /* PBXContainerItemProxy */;
		};
		53F1EE482DA04F2B00FD2159 /* PBXTargetDependency */ = {
			isa = PBXTargetDependency;
			target = 53F1EBE52DA04EF000FD2159 /* Shared */;
			targetProxy = 53F1EE472DA04F2B00FD2159 /* PBXContainerItemProxy */;
		};
		53F1EE4D2DA04F3000FD2159 /* PBXTargetDependency */ = {
			isa = PBXTargetDependency;
			target = 53F1EBE52DA04EF000FD2159 /* Shared */;
			targetProxy = 53F1EE4C2DA04F3000FD2159 /* PBXContainerItemProxy */;
		};
		53F1EE512DA04F3400FD2159 /* PBXTargetDependency */ = {
			isa = PBXTargetDependency;
			target = 53F1EBE52DA04EF000FD2159 /* Shared */;
			targetProxy = 53F1EE502DA04F3400FD2159 /* PBXContainerItemProxy */;
		};
		53F1EE562DA04F3800FD2159 /* PBXTargetDependency */ = {
			isa = PBXTargetDependency;
			target = 53F1EBE52DA04EF000FD2159 /* Shared */;
			targetProxy = 53F1EE552DA04F3800FD2159 /* PBXContainerItemProxy */;
		};
		53F1EE5B2DA04F3D00FD2159 /* PBXTargetDependency */ = {
			isa = PBXTargetDependency;
			target = 53F1EBE52DA04EF000FD2159 /* Shared */;
			targetProxy = 53F1EE5A2DA04F3D00FD2159 /* PBXContainerItemProxy */;
		};
		53F1F0A42DA04F7900FD2159 /* PBXTargetDependency */ = {
			isa = PBXTargetDependency;
			target = 53F1EBD02DA04EDB00FD2159 /* CoreUserInterface */;
			targetProxy = 53F1F0A32DA04F7900FD2159 /* PBXContainerItemProxy */;
		};
/* End PBXTargetDependency section */

/* Begin XCBuildConfiguration section */
		5365624D2CA7BFDA00CDE705 /* Debug */ = {
			isa = XCBuildConfiguration;
			buildSettings = {
				ALWAYS_SEARCH_USER_PATHS = NO;
				ASSETCATALOG_COMPILER_GENERATE_SWIFT_ASSET_SYMBOL_EXTENSIONS = YES;
				CLANG_ANALYZER_NONNULL = YES;
				CLANG_ANALYZER_NUMBER_OBJECT_CONVERSION = YES_AGGRESSIVE;
				CLANG_CXX_LANGUAGE_STANDARD = "gnu++20";
				CLANG_ENABLE_MODULES = YES;
				CLANG_ENABLE_OBJC_ARC = YES;
				CLANG_ENABLE_OBJC_WEAK = YES;
				CLANG_WARN_BLOCK_CAPTURE_AUTORELEASING = YES;
				CLANG_WARN_BOOL_CONVERSION = YES;
				CLANG_WARN_COMMA = YES;
				CLANG_WARN_CONSTANT_CONVERSION = YES;
				CLANG_WARN_DEPRECATED_OBJC_IMPLEMENTATIONS = YES;
				CLANG_WARN_DIRECT_OBJC_ISA_USAGE = YES_ERROR;
				CLANG_WARN_DOCUMENTATION_COMMENTS = YES;
				CLANG_WARN_EMPTY_BODY = YES;
				CLANG_WARN_ENUM_CONVERSION = YES;
				CLANG_WARN_INFINITE_RECURSION = YES;
				CLANG_WARN_INT_CONVERSION = YES;
				CLANG_WARN_NON_LITERAL_NULL_CONVERSION = YES;
				CLANG_WARN_OBJC_IMPLICIT_RETAIN_SELF = YES;
				CLANG_WARN_OBJC_LITERAL_CONVERSION = YES;
				CLANG_WARN_OBJC_ROOT_CLASS = YES_ERROR;
				CLANG_WARN_QUOTED_INCLUDE_IN_FRAMEWORK_HEADER = YES;
				CLANG_WARN_RANGE_LOOP_ANALYSIS = YES;
				CLANG_WARN_STRICT_PROTOTYPES = YES;
				CLANG_WARN_SUSPICIOUS_MOVE = YES;
				CLANG_WARN_UNGUARDED_AVAILABILITY = YES_AGGRESSIVE;
				CLANG_WARN_UNREACHABLE_CODE = YES;
				CLANG_WARN__DUPLICATE_METHOD_MATCH = YES;
				COPY_PHASE_STRIP = NO;
				DEBUG_INFORMATION_FORMAT = dwarf;
				ENABLE_STRICT_OBJC_MSGSEND = YES;
				ENABLE_TESTABILITY = YES;
				ENABLE_USER_SCRIPT_SANDBOXING = YES;
				GCC_C_LANGUAGE_STANDARD = gnu17;
				GCC_DYNAMIC_NO_PIC = NO;
				GCC_NO_COMMON_BLOCKS = YES;
				GCC_OPTIMIZATION_LEVEL = 0;
				GCC_PREPROCESSOR_DEFINITIONS = (
					"DEBUG=1",
					"$(inherited)",
				);
				GCC_WARN_64_TO_32_BIT_CONVERSION = YES;
				GCC_WARN_ABOUT_RETURN_TYPE = YES_ERROR;
				GCC_WARN_UNDECLARED_SELECTOR = YES;
				GCC_WARN_UNINITIALIZED_AUTOS = YES_AGGRESSIVE;
				GCC_WARN_UNUSED_FUNCTION = YES;
				GCC_WARN_UNUSED_VARIABLE = YES;
				IPHONEOS_DEPLOYMENT_TARGET = 16.6;
				LOCALIZATION_PREFERS_STRING_CATALOGS = YES;
				MTL_ENABLE_DEBUG_INFO = INCLUDE_SOURCE;
				MTL_FAST_MATH = YES;
				ONLY_ACTIVE_ARCH = YES;
				SDKROOT = iphoneos;
				SWIFT_ACTIVE_COMPILATION_CONDITIONS = "DEBUG $(inherited)";
				SWIFT_OPTIMIZATION_LEVEL = "-Onone";
			};
			name = Debug;
		};
		5365624E2CA7BFDA00CDE705 /* Release */ = {
			isa = XCBuildConfiguration;
			buildSettings = {
				ALWAYS_SEARCH_USER_PATHS = NO;
				ASSETCATALOG_COMPILER_GENERATE_SWIFT_ASSET_SYMBOL_EXTENSIONS = YES;
				CLANG_ANALYZER_NONNULL = YES;
				CLANG_ANALYZER_NUMBER_OBJECT_CONVERSION = YES_AGGRESSIVE;
				CLANG_CXX_LANGUAGE_STANDARD = "gnu++20";
				CLANG_ENABLE_MODULES = YES;
				CLANG_ENABLE_OBJC_ARC = YES;
				CLANG_ENABLE_OBJC_WEAK = YES;
				CLANG_WARN_BLOCK_CAPTURE_AUTORELEASING = YES;
				CLANG_WARN_BOOL_CONVERSION = YES;
				CLANG_WARN_COMMA = YES;
				CLANG_WARN_CONSTANT_CONVERSION = YES;
				CLANG_WARN_DEPRECATED_OBJC_IMPLEMENTATIONS = YES;
				CLANG_WARN_DIRECT_OBJC_ISA_USAGE = YES_ERROR;
				CLANG_WARN_DOCUMENTATION_COMMENTS = YES;
				CLANG_WARN_EMPTY_BODY = YES;
				CLANG_WARN_ENUM_CONVERSION = YES;
				CLANG_WARN_INFINITE_RECURSION = YES;
				CLANG_WARN_INT_CONVERSION = YES;
				CLANG_WARN_NON_LITERAL_NULL_CONVERSION = YES;
				CLANG_WARN_OBJC_IMPLICIT_RETAIN_SELF = YES;
				CLANG_WARN_OBJC_LITERAL_CONVERSION = YES;
				CLANG_WARN_OBJC_ROOT_CLASS = YES_ERROR;
				CLANG_WARN_QUOTED_INCLUDE_IN_FRAMEWORK_HEADER = YES;
				CLANG_WARN_RANGE_LOOP_ANALYSIS = YES;
				CLANG_WARN_STRICT_PROTOTYPES = YES;
				CLANG_WARN_SUSPICIOUS_MOVE = YES;
				CLANG_WARN_UNGUARDED_AVAILABILITY = YES_AGGRESSIVE;
				CLANG_WARN_UNREACHABLE_CODE = YES;
				CLANG_WARN__DUPLICATE_METHOD_MATCH = YES;
				COPY_PHASE_STRIP = NO;
				DEBUG_INFORMATION_FORMAT = "dwarf-with-dsym";
				ENABLE_NS_ASSERTIONS = NO;
				ENABLE_STRICT_OBJC_MSGSEND = YES;
				ENABLE_USER_SCRIPT_SANDBOXING = YES;
				GCC_C_LANGUAGE_STANDARD = gnu17;
				GCC_NO_COMMON_BLOCKS = YES;
				GCC_WARN_64_TO_32_BIT_CONVERSION = YES;
				GCC_WARN_ABOUT_RETURN_TYPE = YES_ERROR;
				GCC_WARN_UNDECLARED_SELECTOR = YES;
				GCC_WARN_UNINITIALIZED_AUTOS = YES_AGGRESSIVE;
				GCC_WARN_UNUSED_FUNCTION = YES;
				GCC_WARN_UNUSED_VARIABLE = YES;
				IPHONEOS_DEPLOYMENT_TARGET = 16.6;
				LOCALIZATION_PREFERS_STRING_CATALOGS = YES;
				MTL_ENABLE_DEBUG_INFO = NO;
				MTL_FAST_MATH = YES;
				SDKROOT = iphoneos;
				SWIFT_COMPILATION_MODE = wholemodule;
				VALIDATE_PRODUCT = YES;
			};
			name = Release;
		};
		536562502CA7BFDA00CDE705 /* Debug */ = {
			isa = XCBuildConfiguration;
			buildSettings = {
				ASSETCATALOG_COMPILER_APPICON_NAME = AppIconDebug;
				ASSETCATALOG_COMPILER_GLOBAL_ACCENT_COLOR_NAME = AccentColor;
				CODE_SIGN_ENTITLEMENTS = PureBite/Resources/PureBite.entitlements;
				CODE_SIGN_STYLE = Automatic;
				CURRENT_PROJECT_VERSION = 4;
				DEVELOPMENT_ASSET_PATHS = PureBite/Resources/Assets.xcassets;
				DEVELOPMENT_TEAM = 69S862NXBP;
				ENABLE_PREVIEWS = YES;
				GENERATE_INFOPLIST_FILE = YES;
				INFOPLIST_FILE = PureBite/Resources/Info.plist;
				INFOPLIST_KEY_CFBundleDisplayName = "Pure Bite";
				INFOPLIST_KEY_ITSAppUsesNonExemptEncryption = NO;
				INFOPLIST_KEY_LSApplicationCategoryType = "public.app-category.food-and-drink";
				INFOPLIST_KEY_UIApplicationSupportsIndirectInputEvents = YES;
				INFOPLIST_KEY_UILaunchScreen_Generation = YES;
				INFOPLIST_KEY_UILaunchStoryboardName = LaunchScreen.storyboard;
				INFOPLIST_KEY_UISupportedInterfaceOrientations = UIInterfaceOrientationPortrait;
				INFOPLIST_KEY_UISupportedInterfaceOrientations_iPad = "UIInterfaceOrientationLandscapeLeft UIInterfaceOrientationLandscapeRight UIInterfaceOrientationPortrait UIInterfaceOrientationPortraitUpsideDown";
				IPHONEOS_DEPLOYMENT_TARGET = 16;
				LD_RUNPATH_SEARCH_PATHS = (
					"$(inherited)",
					"@executable_path/Frameworks",
				);
				MACOSX_DEPLOYMENT_TARGET = 13.5;
				MARKETING_VERSION = 1.1;
				PRODUCT_BUNDLE_IDENTIFIER = "dor.pure-bite.debug";
				PRODUCT_NAME = "$(TARGET_NAME)";
				SUPPORTED_PLATFORMS = "iphoneos iphonesimulator";
				SUPPORTS_MACCATALYST = NO;
				SUPPORTS_MAC_DESIGNED_FOR_IPHONE_IPAD = NO;
				SUPPORTS_XR_DESIGNED_FOR_IPHONE_IPAD = NO;
				SWIFT_EMIT_LOC_STRINGS = YES;
				SWIFT_VERSION = 5.0;
				TARGETED_DEVICE_FAMILY = 1;
			};
			name = Debug;
		};
		536562512CA7BFDA00CDE705 /* Release */ = {
			isa = XCBuildConfiguration;
			buildSettings = {
				ASSETCATALOG_COMPILER_APPICON_NAME = AppIconRelease;
				ASSETCATALOG_COMPILER_GLOBAL_ACCENT_COLOR_NAME = AccentColor;
				CODE_SIGN_ENTITLEMENTS = PureBite/Resources/PureBite.entitlements;
				CODE_SIGN_STYLE = Automatic;
				CURRENT_PROJECT_VERSION = 4;
				DEVELOPMENT_ASSET_PATHS = PureBite/Resources/Assets.xcassets;
				DEVELOPMENT_TEAM = 69S862NXBP;
				ENABLE_PREVIEWS = YES;
				GENERATE_INFOPLIST_FILE = YES;
				INFOPLIST_FILE = PureBite/Resources/Info.plist;
				INFOPLIST_KEY_CFBundleDisplayName = "Pure Bite";
				INFOPLIST_KEY_ITSAppUsesNonExemptEncryption = NO;
				INFOPLIST_KEY_LSApplicationCategoryType = "public.app-category.food-and-drink";
				INFOPLIST_KEY_UIApplicationSupportsIndirectInputEvents = YES;
				INFOPLIST_KEY_UILaunchScreen_Generation = YES;
				INFOPLIST_KEY_UILaunchStoryboardName = LaunchScreen.storyboard;
				INFOPLIST_KEY_UISupportedInterfaceOrientations = UIInterfaceOrientationPortrait;
				INFOPLIST_KEY_UISupportedInterfaceOrientations_iPad = "UIInterfaceOrientationLandscapeLeft UIInterfaceOrientationLandscapeRight UIInterfaceOrientationPortrait UIInterfaceOrientationPortraitUpsideDown";
				IPHONEOS_DEPLOYMENT_TARGET = 16;
				LD_RUNPATH_SEARCH_PATHS = (
					"$(inherited)",
					"@executable_path/Frameworks",
				);
				MACOSX_DEPLOYMENT_TARGET = 13.5;
				MARKETING_VERSION = 1.1;
				PRODUCT_BUNDLE_IDENTIFIER = "dor.pure-bite.release";
				PRODUCT_NAME = "$(TARGET_NAME)";
				SUPPORTED_PLATFORMS = "iphoneos iphonesimulator";
				SUPPORTS_MACCATALYST = NO;
				SUPPORTS_MAC_DESIGNED_FOR_IPHONE_IPAD = NO;
				SUPPORTS_XR_DESIGNED_FOR_IPHONE_IPAD = NO;
				SWIFT_EMIT_LOC_STRINGS = YES;
				SWIFT_VERSION = 5.0;
				TARGETED_DEVICE_FAMILY = 1;
			};
			name = Release;
		};
		536562532CA7BFDA00CDE705 /* Debug */ = {
			isa = XCBuildConfiguration;
			buildSettings = {
				BUNDLE_LOADER = "$(TEST_HOST)";
				CODE_SIGN_STYLE = Automatic;
				CURRENT_PROJECT_VERSION = 1;
				DEVELOPMENT_TEAM = 69S862NXBP;
				GENERATE_INFOPLIST_FILE = YES;
				IPHONEOS_DEPLOYMENT_TARGET = 15.6;
				MARKETING_VERSION = 1.0;
				PRODUCT_BUNDLE_IDENTIFIER = "com.dor.DSAA-MIT.PureBiteTests";
				PRODUCT_NAME = "$(TARGET_NAME)";
				SWIFT_EMIT_LOC_STRINGS = NO;
				SWIFT_VERSION = 5.0;
				TARGETED_DEVICE_FAMILY = "1,2";
				TEST_HOST = "$(BUILT_PRODUCTS_DIR)/PureBite.app/$(BUNDLE_EXECUTABLE_FOLDER_PATH)/PureBite";
			};
			name = Debug;
		};
		536562542CA7BFDA00CDE705 /* Release */ = {
			isa = XCBuildConfiguration;
			buildSettings = {
				BUNDLE_LOADER = "$(TEST_HOST)";
				CODE_SIGN_STYLE = Automatic;
				CURRENT_PROJECT_VERSION = 1;
				DEVELOPMENT_TEAM = 69S862NXBP;
				GENERATE_INFOPLIST_FILE = YES;
				IPHONEOS_DEPLOYMENT_TARGET = 15.6;
				MARKETING_VERSION = 1.0;
				PRODUCT_BUNDLE_IDENTIFIER = "com.dor.DSAA-MIT.PureBiteTests";
				PRODUCT_NAME = "$(TARGET_NAME)";
				SWIFT_EMIT_LOC_STRINGS = NO;
				SWIFT_VERSION = 5.0;
				TARGETED_DEVICE_FAMILY = "1,2";
				TEST_HOST = "$(BUILT_PRODUCTS_DIR)/PureBite.app/$(BUNDLE_EXECUTABLE_FOLDER_PATH)/PureBite";
			};
			name = Release;
		};
		536562562CA7BFDA00CDE705 /* Debug */ = {
			isa = XCBuildConfiguration;
			buildSettings = {
				CODE_SIGN_STYLE = Automatic;
				CURRENT_PROJECT_VERSION = 1;
				DEVELOPMENT_TEAM = 69S862NXBP;
				GENERATE_INFOPLIST_FILE = YES;
				IPHONEOS_DEPLOYMENT_TARGET = 15.6;
				MARKETING_VERSION = 1.0;
				PRODUCT_BUNDLE_IDENTIFIER = "com.dor.DSAA-MIT.PureBiteUITests";
				PRODUCT_NAME = "$(TARGET_NAME)";
				SWIFT_EMIT_LOC_STRINGS = NO;
				SWIFT_VERSION = 5.0;
				TARGETED_DEVICE_FAMILY = "1,2";
				TEST_TARGET_NAME = PureBite;
			};
			name = Debug;
		};
		536562572CA7BFDA00CDE705 /* Release */ = {
			isa = XCBuildConfiguration;
			buildSettings = {
				CODE_SIGN_STYLE = Automatic;
				CURRENT_PROJECT_VERSION = 1;
				DEVELOPMENT_TEAM = 69S862NXBP;
				GENERATE_INFOPLIST_FILE = YES;
				IPHONEOS_DEPLOYMENT_TARGET = 15.6;
				MARKETING_VERSION = 1.0;
				PRODUCT_BUNDLE_IDENTIFIER = "com.dor.DSAA-MIT.PureBiteUITests";
				PRODUCT_NAME = "$(TARGET_NAME)";
				SWIFT_EMIT_LOC_STRINGS = NO;
				SWIFT_VERSION = 5.0;
				TARGETED_DEVICE_FAMILY = "1,2";
				TEST_TARGET_NAME = PureBite;
			};
			name = Release;
		};
		53F1EB9B2DA04E0E00FD2159 /* Debug */ = {
			isa = XCBuildConfiguration;
			buildSettings = {
				BUILD_LIBRARY_FOR_DISTRIBUTION = YES;
				CODE_SIGN_STYLE = Automatic;
				CURRENT_PROJECT_VERSION = 1;
				DEVELOPMENT_TEAM = 69S862NXBP;
				DYLIB_COMPATIBILITY_VERSION = 1;
				DYLIB_CURRENT_VERSION = 1;
				DYLIB_INSTALL_NAME_BASE = "@rpath";
				ENABLE_MODULE_VERIFIER = YES;
				GENERATE_INFOPLIST_FILE = YES;
				INFOPLIST_KEY_NSHumanReadableCopyright = "";
				INSTALL_PATH = "$(LOCAL_LIBRARY_DIR)/Frameworks";
				IPHONEOS_DEPLOYMENT_TARGET = 16;
				LD_RUNPATH_SEARCH_PATHS = (
					"$(inherited)",
					"@executable_path/Frameworks",
					"@loader_path/Frameworks",
				);
				MARKETING_VERSION = 1.0;
				MODULE_VERIFIER_SUPPORTED_LANGUAGES = "objective-c objective-c++";
				MODULE_VERIFIER_SUPPORTED_LANGUAGE_STANDARDS = "gnu17 gnu++20";
				PRODUCT_BUNDLE_IDENTIFIER = com.dor.PureBite.Core;
				PRODUCT_NAME = "$(TARGET_NAME:c99extidentifier)";
				SKIP_INSTALL = YES;
				SUPPORTED_PLATFORMS = "iphoneos iphonesimulator";
				SUPPORTS_MACCATALYST = NO;
				SUPPORTS_MAC_DESIGNED_FOR_IPHONE_IPAD = NO;
				SUPPORTS_XR_DESIGNED_FOR_IPHONE_IPAD = NO;
				SWIFT_EMIT_LOC_STRINGS = YES;
				SWIFT_INSTALL_MODULE = YES;
				SWIFT_INSTALL_OBJC_HEADER = NO;
				SWIFT_VERSION = 5.0;
				TARGETED_DEVICE_FAMILY = 1;
				VERSIONING_SYSTEM = "apple-generic";
				VERSION_INFO_PREFIX = "";
			};
			name = Debug;
		};
		53F1EB9C2DA04E0E00FD2159 /* Release */ = {
			isa = XCBuildConfiguration;
			buildSettings = {
				BUILD_LIBRARY_FOR_DISTRIBUTION = YES;
				CODE_SIGN_STYLE = Automatic;
				CURRENT_PROJECT_VERSION = 1;
				DEVELOPMENT_TEAM = 69S862NXBP;
				DYLIB_COMPATIBILITY_VERSION = 1;
				DYLIB_CURRENT_VERSION = 1;
				DYLIB_INSTALL_NAME_BASE = "@rpath";
				ENABLE_MODULE_VERIFIER = YES;
				GENERATE_INFOPLIST_FILE = YES;
				INFOPLIST_KEY_NSHumanReadableCopyright = "";
				INSTALL_PATH = "$(LOCAL_LIBRARY_DIR)/Frameworks";
				IPHONEOS_DEPLOYMENT_TARGET = 16;
				LD_RUNPATH_SEARCH_PATHS = (
					"$(inherited)",
					"@executable_path/Frameworks",
					"@loader_path/Frameworks",
				);
				MARKETING_VERSION = 1.0;
				MODULE_VERIFIER_SUPPORTED_LANGUAGES = "objective-c objective-c++";
				MODULE_VERIFIER_SUPPORTED_LANGUAGE_STANDARDS = "gnu17 gnu++20";
				PRODUCT_BUNDLE_IDENTIFIER = com.dor.PureBite.Core;
				PRODUCT_NAME = "$(TARGET_NAME:c99extidentifier)";
				SKIP_INSTALL = YES;
				SUPPORTED_PLATFORMS = "iphoneos iphonesimulator";
				SUPPORTS_MACCATALYST = NO;
				SUPPORTS_MAC_DESIGNED_FOR_IPHONE_IPAD = NO;
				SUPPORTS_XR_DESIGNED_FOR_IPHONE_IPAD = NO;
				SWIFT_EMIT_LOC_STRINGS = YES;
				SWIFT_INSTALL_MODULE = YES;
				SWIFT_INSTALL_OBJC_HEADER = NO;
				SWIFT_VERSION = 5.0;
				TARGETED_DEVICE_FAMILY = 1;
				VERSIONING_SYSTEM = "apple-generic";
				VERSION_INFO_PREFIX = "";
			};
			name = Release;
		};
		53F1EBAC2DA04E9800FD2159 /* Debug */ = {
			isa = XCBuildConfiguration;
			buildSettings = {
				BUILD_LIBRARY_FOR_DISTRIBUTION = YES;
				CODE_SIGN_STYLE = Automatic;
				CURRENT_PROJECT_VERSION = 1;
				DEVELOPMENT_TEAM = 69S862NXBP;
				DYLIB_COMPATIBILITY_VERSION = 1;
				DYLIB_CURRENT_VERSION = 1;
				DYLIB_INSTALL_NAME_BASE = "@rpath";
				ENABLE_MODULE_VERIFIER = YES;
				GENERATE_INFOPLIST_FILE = YES;
				INFOPLIST_KEY_NSHumanReadableCopyright = "";
				INSTALL_PATH = "$(LOCAL_LIBRARY_DIR)/Frameworks";
				IPHONEOS_DEPLOYMENT_TARGET = 16;
				LD_RUNPATH_SEARCH_PATHS = (
					"$(inherited)",
					"@executable_path/Frameworks",
					"@loader_path/Frameworks",
				);
				MARKETING_VERSION = 1.0;
				MODULE_VERIFIER_SUPPORTED_LANGUAGES = "objective-c objective-c++";
				MODULE_VERIFIER_SUPPORTED_LANGUAGE_STANDARDS = "gnu17 gnu++20";
				PRODUCT_BUNDLE_IDENTIFIER = com.dor.Services;
				PRODUCT_NAME = "$(TARGET_NAME:c99extidentifier)";
				SKIP_INSTALL = YES;
				SUPPORTED_PLATFORMS = "iphoneos iphonesimulator";
				SUPPORTS_MACCATALYST = NO;
				SUPPORTS_MAC_DESIGNED_FOR_IPHONE_IPAD = NO;
				SUPPORTS_XR_DESIGNED_FOR_IPHONE_IPAD = NO;
				SWIFT_EMIT_LOC_STRINGS = YES;
				SWIFT_INSTALL_MODULE = YES;
				SWIFT_INSTALL_OBJC_HEADER = NO;
				SWIFT_VERSION = 5.0;
				TARGETED_DEVICE_FAMILY = 1;
				VERSIONING_SYSTEM = "apple-generic";
				VERSION_INFO_PREFIX = "";
			};
			name = Debug;
		};
		53F1EBAD2DA04E9800FD2159 /* Release */ = {
			isa = XCBuildConfiguration;
			buildSettings = {
				BUILD_LIBRARY_FOR_DISTRIBUTION = YES;
				CODE_SIGN_STYLE = Automatic;
				CURRENT_PROJECT_VERSION = 1;
				DEVELOPMENT_TEAM = 69S862NXBP;
				DYLIB_COMPATIBILITY_VERSION = 1;
				DYLIB_CURRENT_VERSION = 1;
				DYLIB_INSTALL_NAME_BASE = "@rpath";
				ENABLE_MODULE_VERIFIER = YES;
				GENERATE_INFOPLIST_FILE = YES;
				INFOPLIST_KEY_NSHumanReadableCopyright = "";
				INSTALL_PATH = "$(LOCAL_LIBRARY_DIR)/Frameworks";
				IPHONEOS_DEPLOYMENT_TARGET = 16;
				LD_RUNPATH_SEARCH_PATHS = (
					"$(inherited)",
					"@executable_path/Frameworks",
					"@loader_path/Frameworks",
				);
				MARKETING_VERSION = 1.0;
				MODULE_VERIFIER_SUPPORTED_LANGUAGES = "objective-c objective-c++";
				MODULE_VERIFIER_SUPPORTED_LANGUAGE_STANDARDS = "gnu17 gnu++20";
				PRODUCT_BUNDLE_IDENTIFIER = com.dor.Services;
				PRODUCT_NAME = "$(TARGET_NAME:c99extidentifier)";
				SKIP_INSTALL = YES;
				SUPPORTED_PLATFORMS = "iphoneos iphonesimulator";
				SUPPORTS_MACCATALYST = NO;
				SUPPORTS_MAC_DESIGNED_FOR_IPHONE_IPAD = NO;
				SUPPORTS_XR_DESIGNED_FOR_IPHONE_IPAD = NO;
				SWIFT_EMIT_LOC_STRINGS = YES;
				SWIFT_INSTALL_MODULE = YES;
				SWIFT_INSTALL_OBJC_HEADER = NO;
				SWIFT_VERSION = 5.0;
				TARGETED_DEVICE_FAMILY = 1;
				VERSIONING_SYSTEM = "apple-generic";
				VERSION_INFO_PREFIX = "";
			};
			name = Release;
		};
		53F1EBC12DA04EBF00FD2159 /* Debug */ = {
			isa = XCBuildConfiguration;
			buildSettings = {
				BUILD_LIBRARY_FOR_DISTRIBUTION = YES;
				CODE_SIGN_STYLE = Automatic;
				CURRENT_PROJECT_VERSION = 1;
				DEVELOPMENT_ASSET_PATHS = PureBite/Resources/Assets.xcassets;
				DEVELOPMENT_TEAM = 69S862NXBP;
				DYLIB_COMPATIBILITY_VERSION = 1;
				DYLIB_CURRENT_VERSION = 1;
				DYLIB_INSTALL_NAME_BASE = "@rpath";
				ENABLE_MODULE_VERIFIER = YES;
				GENERATE_INFOPLIST_FILE = YES;
				INFOPLIST_KEY_NSHumanReadableCopyright = "";
				INSTALL_PATH = "$(LOCAL_LIBRARY_DIR)/Frameworks";
				IPHONEOS_DEPLOYMENT_TARGET = 16;
				LD_RUNPATH_SEARCH_PATHS = (
					"$(inherited)",
					"@executable_path/Frameworks",
					"@loader_path/Frameworks",
				);
				MARKETING_VERSION = 1.0;
				MODULE_VERIFIER_SUPPORTED_LANGUAGES = "objective-c objective-c++";
				MODULE_VERIFIER_SUPPORTED_LANGUAGE_STANDARDS = "gnu17 gnu++20";
				PRODUCT_BUNDLE_IDENTIFIER = com.dor.UserInterface;
				PRODUCT_NAME = "$(TARGET_NAME:c99extidentifier)";
				SKIP_INSTALL = YES;
				SUPPORTED_PLATFORMS = "iphoneos iphonesimulator";
				SUPPORTS_MACCATALYST = NO;
				SUPPORTS_MAC_DESIGNED_FOR_IPHONE_IPAD = NO;
				SUPPORTS_XR_DESIGNED_FOR_IPHONE_IPAD = NO;
				SWIFT_EMIT_LOC_STRINGS = YES;
				SWIFT_INSTALL_MODULE = YES;
				SWIFT_INSTALL_OBJC_HEADER = NO;
				SWIFT_VERSION = 5.0;
				TARGETED_DEVICE_FAMILY = 1;
				VERSIONING_SYSTEM = "apple-generic";
				VERSION_INFO_PREFIX = "";
			};
			name = Debug;
		};
		53F1EBC22DA04EBF00FD2159 /* Release */ = {
			isa = XCBuildConfiguration;
			buildSettings = {
				BUILD_LIBRARY_FOR_DISTRIBUTION = YES;
				CODE_SIGN_STYLE = Automatic;
				CURRENT_PROJECT_VERSION = 1;
				DEVELOPMENT_ASSET_PATHS = PureBite/Resources/Assets.xcassets;
				DEVELOPMENT_TEAM = 69S862NXBP;
				DYLIB_COMPATIBILITY_VERSION = 1;
				DYLIB_CURRENT_VERSION = 1;
				DYLIB_INSTALL_NAME_BASE = "@rpath";
				ENABLE_MODULE_VERIFIER = YES;
				GENERATE_INFOPLIST_FILE = YES;
				INFOPLIST_KEY_NSHumanReadableCopyright = "";
				INSTALL_PATH = "$(LOCAL_LIBRARY_DIR)/Frameworks";
				IPHONEOS_DEPLOYMENT_TARGET = 16;
				LD_RUNPATH_SEARCH_PATHS = (
					"$(inherited)",
					"@executable_path/Frameworks",
					"@loader_path/Frameworks",
				);
				MARKETING_VERSION = 1.0;
				MODULE_VERIFIER_SUPPORTED_LANGUAGES = "objective-c objective-c++";
				MODULE_VERIFIER_SUPPORTED_LANGUAGE_STANDARDS = "gnu17 gnu++20";
				PRODUCT_BUNDLE_IDENTIFIER = com.dor.UserInterface;
				PRODUCT_NAME = "$(TARGET_NAME:c99extidentifier)";
				SKIP_INSTALL = YES;
				SUPPORTED_PLATFORMS = "iphoneos iphonesimulator";
				SUPPORTS_MACCATALYST = NO;
				SUPPORTS_MAC_DESIGNED_FOR_IPHONE_IPAD = NO;
				SUPPORTS_XR_DESIGNED_FOR_IPHONE_IPAD = NO;
				SWIFT_EMIT_LOC_STRINGS = YES;
				SWIFT_INSTALL_MODULE = YES;
				SWIFT_INSTALL_OBJC_HEADER = NO;
				SWIFT_VERSION = 5.0;
				TARGETED_DEVICE_FAMILY = 1;
				VERSIONING_SYSTEM = "apple-generic";
				VERSION_INFO_PREFIX = "";
			};
			name = Release;
		};
		53F1EBDA2DA04EDB00FD2159 /* Debug */ = {
			isa = XCBuildConfiguration;
			buildSettings = {
				BUILD_LIBRARY_FOR_DISTRIBUTION = YES;
				CODE_SIGN_STYLE = Automatic;
				CURRENT_PROJECT_VERSION = 1;
				DEVELOPMENT_ASSET_PATHS = PureBite/Resources/Assets.xcassets;
				DEVELOPMENT_TEAM = 69S862NXBP;
				DYLIB_COMPATIBILITY_VERSION = 1;
				DYLIB_CURRENT_VERSION = 1;
				DYLIB_INSTALL_NAME_BASE = "@rpath";
				ENABLE_MODULE_VERIFIER = YES;
				GENERATE_INFOPLIST_FILE = YES;
				INFOPLIST_KEY_NSHumanReadableCopyright = "";
				INSTALL_PATH = "$(LOCAL_LIBRARY_DIR)/Frameworks";
				IPHONEOS_DEPLOYMENT_TARGET = 16;
				LD_RUNPATH_SEARCH_PATHS = (
					"$(inherited)",
					"@executable_path/Frameworks",
					"@loader_path/Frameworks",
				);
				MARKETING_VERSION = 1.0;
				MODULE_VERIFIER_SUPPORTED_LANGUAGES = "objective-c objective-c++";
				MODULE_VERIFIER_SUPPORTED_LANGUAGE_STANDARDS = "gnu17 gnu++20";
				PRODUCT_BUNDLE_IDENTIFIER = com.dor.CoreUserInterface;
				PRODUCT_NAME = "$(TARGET_NAME:c99extidentifier)";
				SKIP_INSTALL = YES;
				SUPPORTED_PLATFORMS = "iphoneos iphonesimulator";
				SUPPORTS_MACCATALYST = NO;
				SUPPORTS_MAC_DESIGNED_FOR_IPHONE_IPAD = NO;
				SUPPORTS_XR_DESIGNED_FOR_IPHONE_IPAD = NO;
				SWIFT_EMIT_LOC_STRINGS = YES;
				SWIFT_INSTALL_MODULE = YES;
				SWIFT_INSTALL_OBJC_HEADER = NO;
				SWIFT_VERSION = 5.0;
				TARGETED_DEVICE_FAMILY = 1;
				VERSIONING_SYSTEM = "apple-generic";
				VERSION_INFO_PREFIX = "";
			};
			name = Debug;
		};
		53F1EBDB2DA04EDB00FD2159 /* Release */ = {
			isa = XCBuildConfiguration;
			buildSettings = {
				BUILD_LIBRARY_FOR_DISTRIBUTION = YES;
				CODE_SIGN_STYLE = Automatic;
				CURRENT_PROJECT_VERSION = 1;
				DEVELOPMENT_ASSET_PATHS = PureBite/Resources/Assets.xcassets;
				DEVELOPMENT_TEAM = 69S862NXBP;
				DYLIB_COMPATIBILITY_VERSION = 1;
				DYLIB_CURRENT_VERSION = 1;
				DYLIB_INSTALL_NAME_BASE = "@rpath";
				ENABLE_MODULE_VERIFIER = YES;
				GENERATE_INFOPLIST_FILE = YES;
				INFOPLIST_KEY_NSHumanReadableCopyright = "";
				INSTALL_PATH = "$(LOCAL_LIBRARY_DIR)/Frameworks";
				IPHONEOS_DEPLOYMENT_TARGET = 16;
				LD_RUNPATH_SEARCH_PATHS = (
					"$(inherited)",
					"@executable_path/Frameworks",
					"@loader_path/Frameworks",
				);
				MARKETING_VERSION = 1.0;
				MODULE_VERIFIER_SUPPORTED_LANGUAGES = "objective-c objective-c++";
				MODULE_VERIFIER_SUPPORTED_LANGUAGE_STANDARDS = "gnu17 gnu++20";
				PRODUCT_BUNDLE_IDENTIFIER = com.dor.CoreUserInterface;
				PRODUCT_NAME = "$(TARGET_NAME:c99extidentifier)";
				SKIP_INSTALL = YES;
				SUPPORTED_PLATFORMS = "iphoneos iphonesimulator";
				SUPPORTS_MACCATALYST = NO;
				SUPPORTS_MAC_DESIGNED_FOR_IPHONE_IPAD = NO;
				SUPPORTS_XR_DESIGNED_FOR_IPHONE_IPAD = NO;
				SWIFT_EMIT_LOC_STRINGS = YES;
				SWIFT_INSTALL_MODULE = YES;
				SWIFT_INSTALL_OBJC_HEADER = NO;
				SWIFT_VERSION = 5.0;
				TARGETED_DEVICE_FAMILY = 1;
				VERSIONING_SYSTEM = "apple-generic";
				VERSION_INFO_PREFIX = "";
			};
			name = Release;
		};
		53F1EBEF2DA04EF000FD2159 /* Debug */ = {
			isa = XCBuildConfiguration;
			buildSettings = {
				BUILD_LIBRARY_FOR_DISTRIBUTION = YES;
				CODE_SIGN_STYLE = Automatic;
				CURRENT_PROJECT_VERSION = 1;
				DEVELOPMENT_TEAM = 69S862NXBP;
				DYLIB_COMPATIBILITY_VERSION = 1;
				DYLIB_CURRENT_VERSION = 1;
				DYLIB_INSTALL_NAME_BASE = "@rpath";
				ENABLE_MODULE_VERIFIER = YES;
				GENERATE_INFOPLIST_FILE = YES;
				INFOPLIST_KEY_NSHumanReadableCopyright = "";
				INSTALL_PATH = "$(LOCAL_LIBRARY_DIR)/Frameworks";
				IPHONEOS_DEPLOYMENT_TARGET = 16;
				LD_RUNPATH_SEARCH_PATHS = (
					"$(inherited)",
					"@executable_path/Frameworks",
					"@loader_path/Frameworks",
				);
				MARKETING_VERSION = 1.0;
				MODULE_VERIFIER_SUPPORTED_LANGUAGES = "objective-c objective-c++";
				MODULE_VERIFIER_SUPPORTED_LANGUAGE_STANDARDS = "gnu17 gnu++20";
				PRODUCT_BUNDLE_IDENTIFIER = com.dor.Shared;
				PRODUCT_NAME = "$(TARGET_NAME:c99extidentifier)";
				SKIP_INSTALL = YES;
				SUPPORTED_PLATFORMS = "iphoneos iphonesimulator";
				SUPPORTS_MACCATALYST = NO;
				SUPPORTS_MAC_DESIGNED_FOR_IPHONE_IPAD = NO;
				SUPPORTS_XR_DESIGNED_FOR_IPHONE_IPAD = NO;
				SWIFT_EMIT_LOC_STRINGS = YES;
				SWIFT_INSTALL_MODULE = YES;
				SWIFT_INSTALL_OBJC_HEADER = NO;
				SWIFT_VERSION = 5.0;
				TARGETED_DEVICE_FAMILY = 1;
				VERSIONING_SYSTEM = "apple-generic";
				VERSION_INFO_PREFIX = "";
			};
			name = Debug;
		};
		53F1EBF02DA04EF000FD2159 /* Release */ = {
			isa = XCBuildConfiguration;
			buildSettings = {
				BUILD_LIBRARY_FOR_DISTRIBUTION = YES;
				CODE_SIGN_STYLE = Automatic;
				CURRENT_PROJECT_VERSION = 1;
				DEVELOPMENT_TEAM = 69S862NXBP;
				DYLIB_COMPATIBILITY_VERSION = 1;
				DYLIB_CURRENT_VERSION = 1;
				DYLIB_INSTALL_NAME_BASE = "@rpath";
				ENABLE_MODULE_VERIFIER = YES;
				GENERATE_INFOPLIST_FILE = YES;
				INFOPLIST_KEY_NSHumanReadableCopyright = "";
				INSTALL_PATH = "$(LOCAL_LIBRARY_DIR)/Frameworks";
				IPHONEOS_DEPLOYMENT_TARGET = 16;
				LD_RUNPATH_SEARCH_PATHS = (
					"$(inherited)",
					"@executable_path/Frameworks",
					"@loader_path/Frameworks",
				);
				MARKETING_VERSION = 1.0;
				MODULE_VERIFIER_SUPPORTED_LANGUAGES = "objective-c objective-c++";
				MODULE_VERIFIER_SUPPORTED_LANGUAGE_STANDARDS = "gnu17 gnu++20";
				PRODUCT_BUNDLE_IDENTIFIER = com.dor.Shared;
				PRODUCT_NAME = "$(TARGET_NAME:c99extidentifier)";
				SKIP_INSTALL = YES;
				SUPPORTED_PLATFORMS = "iphoneos iphonesimulator";
				SUPPORTS_MACCATALYST = NO;
				SUPPORTS_MAC_DESIGNED_FOR_IPHONE_IPAD = NO;
				SUPPORTS_XR_DESIGNED_FOR_IPHONE_IPAD = NO;
				SWIFT_EMIT_LOC_STRINGS = YES;
				SWIFT_INSTALL_MODULE = YES;
				SWIFT_INSTALL_OBJC_HEADER = NO;
				SWIFT_VERSION = 5.0;
				TARGETED_DEVICE_FAMILY = 1;
				VERSIONING_SYSTEM = "apple-generic";
				VERSION_INFO_PREFIX = "";
			};
			name = Release;
		};
		53F1EE432DA04F1B00FD2159 /* Debug */ = {
			isa = XCBuildConfiguration;
			buildSettings = {
				BUILD_LIBRARY_FOR_DISTRIBUTION = YES;
				CODE_SIGN_STYLE = Automatic;
				CURRENT_PROJECT_VERSION = 1;
				DEVELOPMENT_TEAM = 69S862NXBP;
				DYLIB_COMPATIBILITY_VERSION = 1;
				DYLIB_CURRENT_VERSION = 1;
				DYLIB_INSTALL_NAME_BASE = "@rpath";
				ENABLE_MODULE_VERIFIER = YES;
				GENERATE_INFOPLIST_FILE = YES;
				INFOPLIST_KEY_NSHumanReadableCopyright = "";
				INSTALL_PATH = "$(LOCAL_LIBRARY_DIR)/Frameworks";
				IPHONEOS_DEPLOYMENT_TARGET = 16;
				LD_RUNPATH_SEARCH_PATHS = (
					"$(inherited)",
					"@executable_path/Frameworks",
					"@loader_path/Frameworks",
				);
				MARKETING_VERSION = 1.0;
				MODULE_VERIFIER_SUPPORTED_LANGUAGES = "objective-c objective-c++";
				MODULE_VERIFIER_SUPPORTED_LANGUAGE_STANDARDS = "gnu17 gnu++20";
				PRODUCT_BUNDLE_IDENTIFIER = com.dor.CoreNavigation;
				PRODUCT_NAME = "$(TARGET_NAME:c99extidentifier)";
				SKIP_INSTALL = YES;
				SUPPORTED_PLATFORMS = "iphoneos iphonesimulator";
				SUPPORTS_MACCATALYST = NO;
				SUPPORTS_MAC_DESIGNED_FOR_IPHONE_IPAD = NO;
				SUPPORTS_XR_DESIGNED_FOR_IPHONE_IPAD = NO;
				SWIFT_EMIT_LOC_STRINGS = YES;
				SWIFT_INSTALL_MODULE = YES;
				SWIFT_INSTALL_OBJC_HEADER = NO;
				SWIFT_VERSION = 5.0;
				TARGETED_DEVICE_FAMILY = 1;
				VERSIONING_SYSTEM = "apple-generic";
				VERSION_INFO_PREFIX = "";
			};
			name = Debug;
		};
		53F1EE442DA04F1B00FD2159 /* Release */ = {
			isa = XCBuildConfiguration;
			buildSettings = {
				BUILD_LIBRARY_FOR_DISTRIBUTION = YES;
				CODE_SIGN_STYLE = Automatic;
				CURRENT_PROJECT_VERSION = 1;
				DEVELOPMENT_TEAM = 69S862NXBP;
				DYLIB_COMPATIBILITY_VERSION = 1;
				DYLIB_CURRENT_VERSION = 1;
				DYLIB_INSTALL_NAME_BASE = "@rpath";
				ENABLE_MODULE_VERIFIER = YES;
				GENERATE_INFOPLIST_FILE = YES;
				INFOPLIST_KEY_NSHumanReadableCopyright = "";
				INSTALL_PATH = "$(LOCAL_LIBRARY_DIR)/Frameworks";
				IPHONEOS_DEPLOYMENT_TARGET = 16;
				LD_RUNPATH_SEARCH_PATHS = (
					"$(inherited)",
					"@executable_path/Frameworks",
					"@loader_path/Frameworks",
				);
				MARKETING_VERSION = 1.0;
				MODULE_VERIFIER_SUPPORTED_LANGUAGES = "objective-c objective-c++";
				MODULE_VERIFIER_SUPPORTED_LANGUAGE_STANDARDS = "gnu17 gnu++20";
				PRODUCT_BUNDLE_IDENTIFIER = com.dor.CoreNavigation;
				PRODUCT_NAME = "$(TARGET_NAME:c99extidentifier)";
				SKIP_INSTALL = YES;
				SUPPORTED_PLATFORMS = "iphoneos iphonesimulator";
				SUPPORTS_MACCATALYST = NO;
				SUPPORTS_MAC_DESIGNED_FOR_IPHONE_IPAD = NO;
				SUPPORTS_XR_DESIGNED_FOR_IPHONE_IPAD = NO;
				SWIFT_EMIT_LOC_STRINGS = YES;
				SWIFT_INSTALL_MODULE = YES;
				SWIFT_INSTALL_OBJC_HEADER = NO;
				SWIFT_VERSION = 5.0;
				TARGETED_DEVICE_FAMILY = 1;
				VERSIONING_SYSTEM = "apple-generic";
				VERSION_INFO_PREFIX = "";
			};
			name = Release;
		};
/* End XCBuildConfiguration section */

/* Begin XCConfigurationList section */
		536562212CA7BFD900CDE705 /* Build configuration list for PBXProject "PureBite" */ = {
			isa = XCConfigurationList;
			buildConfigurations = (
				5365624D2CA7BFDA00CDE705 /* Debug */,
				5365624E2CA7BFDA00CDE705 /* Release */,
			);
			defaultConfigurationIsVisible = 0;
			defaultConfigurationName = Release;
		};
		5365624F2CA7BFDA00CDE705 /* Build configuration list for PBXNativeTarget "PureBite" */ = {
			isa = XCConfigurationList;
			buildConfigurations = (
				536562502CA7BFDA00CDE705 /* Debug */,
				536562512CA7BFDA00CDE705 /* Release */,
			);
			defaultConfigurationIsVisible = 0;
			defaultConfigurationName = Release;
		};
		536562522CA7BFDA00CDE705 /* Build configuration list for PBXNativeTarget "PureBiteTests" */ = {
			isa = XCConfigurationList;
			buildConfigurations = (
				536562532CA7BFDA00CDE705 /* Debug */,
				536562542CA7BFDA00CDE705 /* Release */,
			);
			defaultConfigurationIsVisible = 0;
			defaultConfigurationName = Release;
		};
		536562552CA7BFDA00CDE705 /* Build configuration list for PBXNativeTarget "PureBiteUITests" */ = {
			isa = XCConfigurationList;
			buildConfigurations = (
				536562562CA7BFDA00CDE705 /* Debug */,
				536562572CA7BFDA00CDE705 /* Release */,
			);
			defaultConfigurationIsVisible = 0;
			defaultConfigurationName = Release;
		};
		53F1EB9D2DA04E0E00FD2159 /* Build configuration list for PBXNativeTarget "Core" */ = {
			isa = XCConfigurationList;
			buildConfigurations = (
				53F1EB9B2DA04E0E00FD2159 /* Debug */,
				53F1EB9C2DA04E0E00FD2159 /* Release */,
			);
			defaultConfigurationIsVisible = 0;
			defaultConfigurationName = Release;
		};
		53F1EBAB2DA04E9800FD2159 /* Build configuration list for PBXNativeTarget "Services" */ = {
			isa = XCConfigurationList;
			buildConfigurations = (
				53F1EBAC2DA04E9800FD2159 /* Debug */,
				53F1EBAD2DA04E9800FD2159 /* Release */,
			);
			defaultConfigurationIsVisible = 0;
			defaultConfigurationName = Release;
		};
		53F1EBC02DA04EBF00FD2159 /* Build configuration list for PBXNativeTarget "UserInterface" */ = {
			isa = XCConfigurationList;
			buildConfigurations = (
				53F1EBC12DA04EBF00FD2159 /* Debug */,
				53F1EBC22DA04EBF00FD2159 /* Release */,
			);
			defaultConfigurationIsVisible = 0;
			defaultConfigurationName = Release;
		};
		53F1EBD92DA04EDB00FD2159 /* Build configuration list for PBXNativeTarget "CoreUserInterface" */ = {
			isa = XCConfigurationList;
			buildConfigurations = (
				53F1EBDA2DA04EDB00FD2159 /* Debug */,
				53F1EBDB2DA04EDB00FD2159 /* Release */,
			);
			defaultConfigurationIsVisible = 0;
			defaultConfigurationName = Release;
		};
		53F1EBEE2DA04EF000FD2159 /* Build configuration list for PBXNativeTarget "Shared" */ = {
			isa = XCConfigurationList;
			buildConfigurations = (
				53F1EBEF2DA04EF000FD2159 /* Debug */,
				53F1EBF02DA04EF000FD2159 /* Release */,
			);
			defaultConfigurationIsVisible = 0;
			defaultConfigurationName = Release;
		};
		53F1EE422DA04F1B00FD2159 /* Build configuration list for PBXNativeTarget "CoreNavigation" */ = {
			isa = XCConfigurationList;
			buildConfigurations = (
				53F1EE432DA04F1B00FD2159 /* Debug */,
				53F1EE442DA04F1B00FD2159 /* Release */,
			);
			defaultConfigurationIsVisible = 0;
			defaultConfigurationName = Release;
		};
/* End XCConfigurationList section */

/* Begin XCRemoteSwiftPackageReference section */
		536562A22CA7EF2500CDE705 /* XCRemoteSwiftPackageReference "Swinject" */ = {
			isa = XCRemoteSwiftPackageReference;
			repositoryURL = "https://github.com/Swinject/Swinject";
			requirement = {
				kind = upToNextMajorVersion;
				minimumVersion = 2.9.1;
			};
		};
		536562BE2CA90D9B00CDE705 /* XCRemoteSwiftPackageReference "RichText" */ = {
			isa = XCRemoteSwiftPackageReference;
			repositoryURL = "https://github.com/NuPlay/RichText.git";
			requirement = {
				kind = upToNextMajorVersion;
				minimumVersion = 2.4.1;
			};
		};
		536563172CA99D3200CDE705 /* XCRemoteSwiftPackageReference "SwinjectAutoregistration" */ = {
			isa = XCRemoteSwiftPackageReference;
			repositoryURL = "https://github.com/Swinject/SwinjectAutoregistration";
			requirement = {
				kind = upToNextMajorVersion;
				minimumVersion = 2.9.1;
			};
		};
		53BF56602CB2B2ED00A01DEC /* XCRemoteSwiftPackageReference "swiftui-cached-async-image" */ = {
			isa = XCRemoteSwiftPackageReference;
			repositoryURL = "https://github.com/lorenzofiamingo/swiftui-cached-async-image.git";
			requirement = {
				kind = upToNextMajorVersion;
				minimumVersion = 2.1.1;
			};
		};
/* End XCRemoteSwiftPackageReference section */

/* Begin XCSwiftPackageProductDependency section */
		536562A32CA7EF2500CDE705 /* Swinject */ = {
			isa = XCSwiftPackageProductDependency;
			package = 536562A22CA7EF2500CDE705 /* XCRemoteSwiftPackageReference "Swinject" */;
			productName = Swinject;
		};
		536562BF2CA90D9B00CDE705 /* RichText */ = {
			isa = XCSwiftPackageProductDependency;
			package = 536562BE2CA90D9B00CDE705 /* XCRemoteSwiftPackageReference "RichText" */;
			productName = RichText;
		};
		536563182CA99D3200CDE705 /* SwinjectAutoregistration */ = {
			isa = XCSwiftPackageProductDependency;
			package = 536563172CA99D3200CDE705 /* XCRemoteSwiftPackageReference "SwinjectAutoregistration" */;
			productName = SwinjectAutoregistration;
		};
		53BF56612CB2B2ED00A01DEC /* CachedAsyncImage */ = {
			isa = XCSwiftPackageProductDependency;
			package = 53BF56602CB2B2ED00A01DEC /* XCRemoteSwiftPackageReference "swiftui-cached-async-image" */;
			productName = CachedAsyncImage;
		};
		53C8E2E22DA055C600FA1595 /* RichText */ = {
			isa = XCSwiftPackageProductDependency;
			package = 536562BE2CA90D9B00CDE705 /* XCRemoteSwiftPackageReference "RichText" */;
			productName = RichText;
		};
		53C8E2E42DA055D000FA1595 /* CachedAsyncImage */ = {
			isa = XCSwiftPackageProductDependency;
			package = 53BF56602CB2B2ED00A01DEC /* XCRemoteSwiftPackageReference "swiftui-cached-async-image" */;
			productName = CachedAsyncImage;
		};
		53C8E2E82DA058A000FA1595 /* SwinjectAutoregistration */ = {
			isa = XCSwiftPackageProductDependency;
			package = 536563172CA99D3200CDE705 /* XCRemoteSwiftPackageReference "SwinjectAutoregistration" */;
			productName = SwinjectAutoregistration;
		};
		53C8E2EA2DA058A400FA1595 /* Swinject */ = {
			isa = XCSwiftPackageProductDependency;
			package = 536562A22CA7EF2500CDE705 /* XCRemoteSwiftPackageReference "Swinject" */;
			productName = Swinject;
		};
/* End XCSwiftPackageProductDependency section */
	};
	rootObject = 5365621E2CA7BFD900CDE705 /* Project object */;
}
